{
  "nodes": {
    "flake-compat": {
      "flake": false,
      "locked": {
        "lastModified": 1696426674,
        "narHash": "sha256-kvjfFW7WAETZlt09AgDn1MrtKzP7t90Vf7vypd3OL1U=",
        "owner": "edolstra",
        "repo": "flake-compat",
        "rev": "0f9255e01c2351cc7d116c072cb317785dd33b33",
        "type": "github"
      },
      "original": {
        "owner": "edolstra",
        "repo": "flake-compat",
        "type": "github"
      }
    },
    "flake-compat_2": {
      "flake": false,
      "locked": {
        "lastModified": 1696426674,
        "narHash": "sha256-kvjfFW7WAETZlt09AgDn1MrtKzP7t90Vf7vypd3OL1U=",
        "owner": "edolstra",
        "repo": "flake-compat",
        "rev": "0f9255e01c2351cc7d116c072cb317785dd33b33",
        "type": "github"
      },
      "original": {
        "owner": "edolstra",
        "repo": "flake-compat",
        "type": "github"
      }
    },
    "flake-utils": {
      "inputs": {
        "systems": "systems"
      },
      "locked": {
        "lastModified": 1710146030,
        "narHash": "sha256-SZ5L6eA7HJ/nmkzGG7/ISclqe6oZdOZTNoesiInkXPQ=",
        "owner": "numtide",
        "repo": "flake-utils",
        "rev": "b1d9ab70662946ef0850d488da1c9019f3a9752a",
        "type": "github"
      },
      "original": {
        "owner": "numtide",
        "repo": "flake-utils",
        "type": "github"
      }
    },
    "flake-utils_2": {
      "inputs": {
        "systems": "systems_2"
      },
      "locked": {
        "lastModified": 1710146030,
        "narHash": "sha256-SZ5L6eA7HJ/nmkzGG7/ISclqe6oZdOZTNoesiInkXPQ=",
        "owner": "numtide",
        "repo": "flake-utils",
        "rev": "b1d9ab70662946ef0850d488da1c9019f3a9752a",
        "type": "github"
      },
      "original": {
        "owner": "numtide",
        "repo": "flake-utils",
        "type": "github"
      }
    },
    "flake-utils_3": {
      "inputs": {
        "systems": "systems_3"
      },
      "locked": {
        "lastModified": 1681202837,
        "narHash": "sha256-H+Rh19JDwRtpVPAWp64F+rlEtxUWBAQW28eAi3SRSzg=",
        "owner": "numtide",
        "repo": "flake-utils",
        "rev": "cfacdce06f30d2b68473a46042957675eebb3401",
        "type": "github"
      },
      "original": {
        "owner": "numtide",
        "repo": "flake-utils",
        "type": "github"
      }
    },
    "flakefiles": {
      "inputs": {
        "home-manager": "home-manager",
        "nixos-hardware": "nixos-hardware",
        "nixos-wsl": "nixos-wsl",
        "nixpkgs": "nixpkgs",
        "vscode-extensions": "vscode-extensions",
        "vscode-server": "vscode-server"
      },
      "locked": {
        "lastModified": 1721845397,
        "narHash": "sha256-XVdKO7WPhQ2qKPKma4RbtYJHHuI9lfd4+dpaU2wypjw=",
        "owner": "addreas",
        "repo": "flakefiles",
        "rev": "09ea0641e173c77d87896fb0044b597f38e26979",
        "type": "github"
      },
      "original": {
        "owner": "addreas",
        "repo": "flakefiles",
        "type": "github"
      }
    },
    "home-manager": {
      "inputs": {
        "nixpkgs": [
          "flakefiles",
          "nixpkgs"
        ]
      },
      "locked": {
        "lastModified": 1721804110,
        "narHash": "sha256-i4jINRazBKPqlaS+qhlP+kV/UHEq3vs5itfpblqu4ZM=",
        "owner": "nix-community",
        "repo": "home-manager",
        "rev": "af70fc502a15d7e1e4c5a4c4fc8e06c2ec561e0c",
        "type": "github"
      },
      "original": {
        "owner": "nix-community",
        "repo": "home-manager",
        "type": "github"
      }
    },
    "libcamera-src": {
      "flake": false,
      "locked": {
        "lastModified": 1718617480,
        "narHash": "sha256-qqEMJzMotybf1nJp1dsz3zc910Qj0TmqCm1CwuSb1VY=",
        "owner": "raspberrypi",
        "repo": "libcamera",
        "rev": "6ddd79b5bdbedc1f61007aed35391f1559f9e29a",
        "type": "github"
      },
      "original": {
        "owner": "raspberrypi",
        "repo": "libcamera",
        "rev": "6ddd79b5bdbedc1f61007aed35391f1559f9e29a",
        "type": "github"
      }
    },
    "libpisp-src": {
      "flake": false,
      "locked": {
        "lastModified": 1718613892,
        "narHash": "sha256-V/d4RrXoq8HNc8r/Kr1gH3E7YTZzfIdgbaJtq/Xi7uQ=",
        "owner": "raspberrypi",
        "repo": "libpisp",
        "rev": "b567f04556801ca350331ed21a1ae3eef4675c23",
        "type": "github"
      },
      "original": {
        "owner": "raspberrypi",
        "ref": "v1.0.6",
        "repo": "libpisp",
        "type": "github"
      }
    },
    "nixos-hardware": {
      "locked": {
        "lastModified": 1721839713,
        "narHash": "sha256-apTv16L9h5ONS2VTPbKEgwAOVmWGku0MsfprjgwBFHo=",
        "owner": "NixOS",
        "repo": "nixos-hardware",
        "rev": "a7432ebaefc9a400dcda399d48b949230378d784",
        "type": "github"
      },
      "original": {
        "owner": "NixOS",
        "repo": "nixos-hardware",
        "type": "github"
      }
    },
    "nixos-wsl": {
      "inputs": {
        "flake-compat": "flake-compat",
        "flake-utils": "flake-utils",
        "nixpkgs": [
          "flakefiles",
          "nixpkgs"
        ]
      },
      "locked": {
        "lastModified": 1721650907,
        "narHash": "sha256-2VX/zPeLhGTsHpToFH1gfI+oGNS6m7ZUWWaqwmw3HVY=",
        "owner": "nix-community",
        "repo": "NixOS-WSL",
        "rev": "6686cbe947cb8b135e229ad2a3447b88d1cf6da9",
        "type": "github"
      },
      "original": {
        "owner": "nix-community",
        "repo": "NixOS-WSL",
        "type": "github"
      }
    },
    "nixpkgs": {
      "locked": {
        "lastModified": 1721562059,
        "narHash": "sha256-Tybxt65eyOARf285hMHIJ2uul8SULjFZbT9ZaEeUnP8=",
        "owner": "NixOS",
        "repo": "nixpkgs",
        "rev": "68c9ed8bbed9dfce253cc91560bf9043297ef2fe",
        "type": "github"
      },
      "original": {
        "id": "nixpkgs",
        "ref": "nixos-unstable",
        "type": "indirect"
      }
    },
    "nixpkgs_2": {
      "locked": {
        "lastModified": 1723175592,
        "narHash": "sha256-M0xJ3FbDUc4fRZ84dPGx5VvgFsOzds77KiBMW/mMTnI=",
        "owner": "NixOS",
        "repo": "nixpkgs",
        "rev": "5e0ca22929f3342b19569b21b2f3462f053e497b",
        "type": "github"
      },
      "original": {
        "id": "nixpkgs",
        "ref": "nixos-unstable",
        "type": "indirect"
      }
    },
    "nixpkgs_3": {
      "locked": {
        "lastModified": 1718835956,
        "narHash": "sha256-wM9v2yIxClRYsGHut5vHICZTK7xdrUGfrLkXvSuv6s4=",
        "owner": "NixOS",
        "repo": "nixpkgs",
        "rev": "dd457de7e08c6d06789b1f5b88fc9327f4d96309",
        "type": "github"
      },
      "original": {
        "owner": "NixOS",
        "ref": "nixos-24.05",
        "repo": "nixpkgs",
        "type": "github"
      }
    },
    "raspberry-pi-nix": {
      "inputs": {
        "libcamera-src": "libcamera-src",
        "libpisp-src": "libpisp-src",
        "nixpkgs": "nixpkgs_3",
        "rpi-bluez-firmware-src": "rpi-bluez-firmware-src",
        "rpi-firmware-nonfree-src": "rpi-firmware-nonfree-src",
        "rpi-firmware-src": "rpi-firmware-src",
        "rpi-linux-6_10_0-rc5-src": "rpi-linux-6_10_0-rc5-src",
        "rpi-linux-6_6_31-src": "rpi-linux-6_6_31-src",
        "rpicam-apps-src": "rpicam-apps-src",
        "u-boot-src": "u-boot-src"
      },
      "locked": {
        "lastModified": 1722041481,
        "narHash": "sha256-MEEXEZNYqtpds75ZnrMZiTA3KlTvpxftOaSnhjUFAJI=",
        "owner": "tstat",
        "repo": "raspberry-pi-nix",
        "rev": "953aca9361ca8b29ccc5bc897fd569f3f28069dd",
        "type": "github"
      },
      "original": {
        "owner": "tstat",
        "repo": "raspberry-pi-nix",
        "type": "github"
      }
    },
    "root": {
      "inputs": {
        "flakefiles": "flakefiles",
        "nixpkgs": "nixpkgs_2",
        "raspberry-pi-nix": "raspberry-pi-nix"
      }
    },
    "rpi-bluez-firmware-src": {
      "flake": false,
      "locked": {
        "lastModified": 1708969706,
        "narHash": "sha256-KakKnOBeWxh0exu44beZ7cbr5ni4RA9vkWYb9sGMb8Q=",
        "owner": "RPi-Distro",
        "repo": "bluez-firmware",
        "rev": "78d6a07730e2d20c035899521ab67726dc028e1c",
        "type": "github"
      },
      "original": {
        "owner": "RPi-Distro",
        "ref": "bookworm",
        "repo": "bluez-firmware",
        "type": "github"
      }
    },
    "rpi-firmware-nonfree-src": {
      "flake": false,
      "locked": {
        "lastModified": 1708967191,
        "narHash": "sha256-BGq0+cr+xBRwQM/LqiQuRWuZpQsKM5jfcrNCqWMuVzM=",
        "owner": "RPi-Distro",
        "repo": "firmware-nonfree",
        "rev": "223ccf3a3ddb11b3ea829749fbbba4d65b380897",
        "type": "github"
      },
      "original": {
        "owner": "RPi-Distro",
        "ref": "bookworm",
        "repo": "firmware-nonfree",
        "type": "github"
      }
    },
    "rpi-firmware-src": {
      "flake": false,
      "locked": {
        "lastModified": 1716978780,
        "narHash": "sha256-KsCo7ZG6vKstxRyFljZtbQvnDSqiAPdUza32xTY/tlA=",
        "owner": "raspberrypi",
        "repo": "firmware",
        "rev": "3590de0c181d433af368a95f15bc480bdaff8b47",
        "type": "github"
      },
      "original": {
        "owner": "raspberrypi",
        "ref": "1.20240529",
        "repo": "firmware",
        "type": "github"
      }
    },
    "rpi-linux-6_10_0-rc5-src": {
      "flake": false,
      "locked": {
        "lastModified": 1719265450,
        "narHash": "sha256-xd/Pz/uZFYW9hJIFKryWDE9Aks6f2EIvEDCmfk0C70c=",
        "owner": "raspberrypi",
        "repo": "linux",
        "rev": "f61d3aca8045e70d64b55f7b98f083738f639ad2",
        "type": "github"
      },
      "original": {
        "owner": "raspberrypi",
        "ref": "rpi-6.10.y",
        "repo": "linux",
        "type": "github"
      }
    },
    "rpi-linux-6_6_31-src": {
      "flake": false,
      "locked": {
        "lastModified": 1716545726,
        "narHash": "sha256-UWUTeCpEN7dlFSQjog6S3HyEWCCnaqiUqV5KxCjYink=",
        "owner": "raspberrypi",
        "repo": "linux",
        "rev": "c1432b4bae5b6582f4d32ba381459f33c34d1424",
        "type": "github"
      },
      "original": {
        "owner": "raspberrypi",
        "ref": "stable_20240529",
        "repo": "linux",
        "type": "github"
      }
    },
    "rpicam-apps-src": {
      "flake": false,
      "locked": {
        "lastModified": 1717081637,
        "narHash": "sha256-s4zJh6r3VhiquO54KWZ78dVCH1BmlphY9zEB9BidNyo=",
        "owner": "raspberrypi",
        "repo": "rpicam-apps",
        "rev": "49344f2a8d1817558d4e6463032fcf11be618b38",
        "type": "github"
      },
      "original": {
        "owner": "raspberrypi",
        "ref": "v1.5.0",
        "repo": "rpicam-apps",
        "type": "github"
      }
    },
    "systems": {
      "locked": {
        "lastModified": 1681028828,
        "narHash": "sha256-Vy1rq5AaRuLzOxct8nz4T6wlgyUR7zLU309k9mBC768=",
        "owner": "nix-systems",
        "repo": "default",
        "rev": "da67096a3b9bf56a91d16901293e51ba5b49a27e",
        "type": "github"
      },
      "original": {
        "owner": "nix-systems",
        "repo": "default",
        "type": "github"
      }
    },
    "systems_2": {
      "locked": {
        "lastModified": 1681028828,
        "narHash": "sha256-Vy1rq5AaRuLzOxct8nz4T6wlgyUR7zLU309k9mBC768=",
        "owner": "nix-systems",
        "repo": "default",
        "rev": "da67096a3b9bf56a91d16901293e51ba5b49a27e",
        "type": "github"
      },
      "original": {
        "owner": "nix-systems",
        "repo": "default",
        "type": "github"
      }
    },
    "systems_3": {
      "locked": {
        "lastModified": 1681028828,
        "narHash": "sha256-Vy1rq5AaRuLzOxct8nz4T6wlgyUR7zLU309k9mBC768=",
        "owner": "nix-systems",
        "repo": "default",
        "rev": "da67096a3b9bf56a91d16901293e51ba5b49a27e",
        "type": "github"
      },
      "original": {
        "owner": "nix-systems",
        "repo": "default",
        "type": "github"
      }
    },
    "u-boot-src": {
      "flake": false,
      "locked": {
        "lastModified": 1712055538,
        "narHash": "sha256-IlaDdjKq/Pq2orzcU959h93WXRZfvKBGDO/MFw9mZMg=",
        "type": "tarball",
        "url": "https://ftp.denx.de/pub/u-boot/u-boot-2024.04.tar.bz2"
      },
      "original": {
        "type": "tarball",
        "url": "https://ftp.denx.de/pub/u-boot/u-boot-2024.04.tar.bz2"
      }
    },
    "vscode-extensions": {
      "inputs": {
        "flake-compat": "flake-compat_2",
        "flake-utils": "flake-utils_2",
        "nixpkgs": [
          "flakefiles",
          "nixpkgs"
        ]
      },
      "locked": {
        "lastModified": 1721784534,
        "narHash": "sha256-3LrDblG9t76GPSHpstMVVe5dXfDOIpKeVdRxK/wxNRg=",
        "owner": "nix-community",
        "repo": "nix-vscode-extensions",
        "rev": "080b8e37eeea039e299270ba5ec144f164bf581e",
        "type": "github"
      },
      "original": {
        "owner": "nix-community",
        "repo": "nix-vscode-extensions",
        "type": "github"
      }
    },
    "vscode-server": {
      "inputs": {
        "flake-utils": "flake-utils_3",
        "nixpkgs": [
          "flakefiles",
          "nixpkgs"
        ]
      },
      "locked": {
        "lastModified": 1713958148,
        "narHash": "sha256-8PDNi/dgoI2kyM7uSiU4eoLBqUKoA+3TXuz+VWmuCOc=",
        "owner": "msteen",
        "repo": "nixos-vscode-server",
        "rev": "fc900c16efc6a5ed972fb6be87df018bcf3035bc",
        "type": "github"
      },
      "original": {
        "owner": "msteen",
        "repo": "nixos-vscode-server",
        "type": "github"
      }
    }
  },
  "root": "root",
  "version": 7
}
