cel.dev/expr v0.15.0 h1:O1jzfJCQBfL5BFoYktaxwIhuttaQPsVWerH9/EEKx0w=
cel.dev/expr v0.15.0/go.mod h1:TRSuuV7DlVCE/uwv5QbAiW/v8l5O8C4eEPHeu7gf7Sg=
github.com/AdaLogics/go-fuzz-headers v0.0.0-20230811130428-ced1acdcaa24 h1:bvDV9vkmnHYOMsOr4WLk+Vo07yKIzd94sVoIqshQ4bU=
github.com/AdaLogics/go-fuzz-headers v0.0.0-20230811130428-ced1acdcaa24/go.mod h1:8o94RPi1/7XTJvwPpRSzSUedZrtlirdB3r9Z20bi2f8=
github.com/Masterminds/goutils v1.1.1 h1:5nUrii3FMTL5diU80unEVvNevw1nH4+ZV4DSLVJLSYI=
github.com/Masterminds/goutils v1.1.1/go.mod h1:8cTjp+g8YejhMuvIA5y2vz3BpJxksy863GQaJW2MFNU=
github.com/Masterminds/semver/v3 v3.2.0/go.mod h1:qvl/7zhW3nngYb5+80sSMF+FG2BjYrf8m9wsX0PNOMQ=
github.com/Masterminds/semver/v3 v3.2.1 h1:RN9w6+7QoMeJVGyfmbcgs28Br8cvmnucEXnY0rYXWg0=
github.com/Masterminds/semver/v3 v3.2.1/go.mod h1:qvl/7zhW3nngYb5+80sSMF+FG2BjYrf8m9wsX0PNOMQ=
github.com/Masterminds/sprig/v3 v3.2.3 h1:eL2fZNezLomi0uOLqjQoN6BfsDD+fyLtgbJMAj9n6YA=
github.com/Masterminds/sprig/v3 v3.2.3/go.mod h1:rXcFaZ2zZbLRJv/xSysmlgIM1u11eBaRMhvYXJNkGuM=
github.com/addreas/cue-controller/api v1.0.0-rc1-cue h1:85+QpakrlutaPMOHj3eOBZP0HyH4y9xIsEciZJvEJKM=
github.com/addreas/cue-controller/api v1.0.0-rc1-cue/go.mod h1:KRi3CbLVS0dH58lIVCGJRBrLi9zwFvqBh8hyNQnpJ3k=
github.com/addreas/grafana-operator/v5 v5.0.0-20230415153927-b860de9cc3d3 h1:jFFyd0BNK09IjIT+9EUCfqHsHglyqIyCTcLk0A2pIzY=
github.com/addreas/grafana-operator/v5 v5.0.0-20230415153927-b860de9cc3d3/go.mod h1:jUc/sxZX8pxIevRJkqlRi7Gj1wtQzLqCZftZ5a4MGrc=
github.com/asaskevich/govalidator v0.0.0-20230301143203-a9d515a09cc2 h1:DklsrG3dyBCFEj5IhUbnKptjxatkF07cF2ak3yi77so=
github.com/asaskevich/govalidator v0.0.0-20230301143203-a9d515a09cc2/go.mod h1:WaHUgvxTVq04UNunO+XhnAqY/wQc+bxr74GqbsZ/Jqw=
github.com/beorn7/perks v1.0.1 h1:VlbKKnNfV8bJzeqoa4cOKqO6bYr3WgKZxO8Z16+hsOM=
github.com/beorn7/perks v1.0.1/go.mod h1:G2ZrVWU2WbWT9wwq4/hrbKbnv/1ERSJQ0ibhJ6rlkpw=
github.com/bitnami-labs/sealed-secrets v0.27.1 h1:oSq/rCGYz0pk7RP4RacIorG/VCWA6c4D8wIEpRkZAUg=
github.com/bitnami-labs/sealed-secrets v0.27.1/go.mod h1:nrfN7WgEFtJFLDJUxwHxMHN/FEeeZMXsotk6tC6Bf8g=
github.com/blang/semver v3.5.1+incompatible h1:cQNTCjp13qL8KC3Nbxr/y2Bqb63oX6wdnnjpJbkM4JQ=
github.com/blang/semver v3.5.1+incompatible/go.mod h1:kRBLl5iJ+tD4TcOOxsy/0fnwebNt5EWlYSAyrTnjyyk=
github.com/blang/semver/v4 v4.0.0 h1:1PFHFE6yCCTv8C1TeyNNarDzntLi7wMI5i/pzqYIsAM=
github.com/blang/semver/v4 v4.0.0/go.mod h1:IbckMUScFkM3pff0VJDNKRiT6TG/YpiHIM2yvyW5YoQ=
github.com/census-instrumentation/opencensus-proto v0.4.1 h1:iKLQ0xPNFxR/2hzXZMrBo8f1j86j5WHzznCCQxV/b8g=
github.com/census-instrumentation/opencensus-proto v0.4.1/go.mod h1:4T9NM4+4Vw91VeyqjLS6ao50K5bOcLKN6Q42XnYaRYw=
github.com/cert-manager/cert-manager v1.15.1 h1:HSG4k2GlJ2YgTLkZfQzrArNaQpM9+ehDDg550IxAD94=
github.com/cert-manager/cert-manager v1.15.1/go.mod h1:p98JoGv3J9JhdKU9ngsj2EhWGI6/GlU7kpjWu5lf2js=
github.com/cert-manager/cert-manager v1.15.3 h1:/u9T0griwd5MegPfWbB7v0KcVcT9OJrEvPNhc9tl7xQ=
github.com/cert-manager/cert-manager v1.15.3/go.mod h1:stBge/DTvrhfQMB/93+Y62s+gQgZBsfL1o0C/4AL/mI=
github.com/cert-manager/cert-manager v1.16.0 h1:Gz20ezVUW1hveItLurl4OuFmSwwo0d7vr5gULjyeGlc=
github.com/cert-manager/cert-manager v1.16.0/go.mod h1:MfLVTL45hFZsqmaT1O0+b2ugaNNQQZttSFV9hASHUb0=
github.com/cert-manager/cert-manager v1.16.1 h1:1ceFMqTtwiqY2vyfaRT85CNiVmK7pJjt3GebYCx9awY=
github.com/cert-manager/cert-manager v1.16.1/go.mod h1:MfLVTL45hFZsqmaT1O0+b2ugaNNQQZttSFV9hASHUb0=
github.com/cespare/xxhash/v2 v2.3.0 h1:UL815xU9SqsFlibzuggzjXhog7bL6oX9BbNZnL2UFvs=
github.com/cespare/xxhash/v2 v2.3.0/go.mod h1:VGX0DQ3Q6kWi7AoAeZDth3/j3BFtOZR5XLFGgcrjCOs=
github.com/cilium/cilium v1.16.1 h1:7FiLrRJbO3d/RE423FUN0GxhrFDQBYRwr1veHN7uBys=
github.com/cilium/cilium v1.16.1/go.mod h1:SIurqFNFBU9/sQTPC9tvrOktAMDnQOGPBCSYtsnjxp4=
github.com/cilium/cilium v1.16.2 h1:c/SMeMOp6VD6OuzNQ35dyqKFemT/T3jgSDnABFimhHA=
github.com/cilium/cilium v1.16.2/go.mod h1:w6huXlvvCbDrOdKW1P5FXjT3JIXzEREtXbvhhMZHxKM=
github.com/cilium/cilium v1.16.3 h1:Pdm3FdcdrGZ0Zh2i1oADmM89WE9xbePhRiL/8UqxEWY=
github.com/cilium/cilium v1.16.3/go.mod h1:w6huXlvvCbDrOdKW1P5FXjT3JIXzEREtXbvhhMZHxKM=
github.com/cilium/ebpf v0.15.0 h1:7NxJhNiBT3NG8pZJ3c+yfrVdHY8ScgKD27sScgjLMMk=
github.com/cilium/ebpf v0.15.0/go.mod h1:DHp1WyrLeiBh19Cf/tfiSMhqheEiK8fXFZ4No0P1Hso=
github.com/cilium/hive v0.0.0-20240529072208-d997f86e4219 h1:iX4v9lg63iTv8x8MWUMVbeWqtAGcV6yh/w3Zp9sP3ME=
github.com/cilium/hive v0.0.0-20240529072208-d997f86e4219/go.mod h1:6tW1eCwSq8Wz8IVtpZE0MemoCWSrEOUa8aLKotmBRCo=
github.com/cilium/proxy v0.0.0-20240418093727-2c7164c53e26 h1:wzm/nEkcMO6oGSySoqe3/bMcF1sxrxI2ByidN3gg30A=
github.com/cilium/proxy v0.0.0-20240418093727-2c7164c53e26/go.mod h1:jzAmtWhlyR3kx+AwYdQvGM04lmHwsWhq1ySfAVpY/SA=
github.com/cncf/xds/go v0.0.0-20240329184929-0c46c01016dc h1:Xo7J+m6Iq9pGYXnooTSpxZ11PzNzI7cKU9V81dpKSRQ=
github.com/cncf/xds/go v0.0.0-20240329184929-0c46c01016dc/go.mod h1:W+zGtBO5Y1IgJhy4+A9GOqVhqLpfZi+vwmdNXUehLA8=
github.com/cpuguy83/go-md2man/v2 v2.0.4/go.mod h1:tgQtvFlXSQOSOSIRvRPT7W67SCa46tRHOmNcaadrF8o=
github.com/creack/pty v1.1.9/go.mod h1:oKZEueFk5CKHvIhNR5MUki03XCEU+Q6VDXinZuGJ33E=
github.com/davecgh/go-spew v1.1.0/go.mod h1:J7Y8YcW2NihsgmVo/mv3lAwl/skON4iLHjSsI+c5H38=
github.com/davecgh/go-spew v1.1.1/go.mod h1:J7Y8YcW2NihsgmVo/mv3lAwl/skON4iLHjSsI+c5H38=
github.com/davecgh/go-spew v1.1.2-0.20180830191138-d8f796af33cc h1:U9qPSI2PIWSS1VwoXQT9A3Wy9MM3WgvqSxFWenqJduM=
github.com/davecgh/go-spew v1.1.2-0.20180830191138-d8f796af33cc/go.mod h1:J7Y8YcW2NihsgmVo/mv3lAwl/skON4iLHjSsI+c5H38=
github.com/emicklei/go-restful/v3 v3.12.1 h1:PJMDIM/ak7btuL8Ex0iYET9hxM3CI2sjZtzpL63nKAU=
github.com/emicklei/go-restful/v3 v3.12.1/go.mod h1:6n3XBCmQQb25CM2LCACGz8ukIrRry+4bhvbpWn3mrbc=
github.com/envoyproxy/protoc-gen-validate v1.0.4 h1:gVPz/FMfvh57HdSJQyvBtF00j8JU4zdyUgIUNhlgg0A=
github.com/envoyproxy/protoc-gen-validate v1.0.4/go.mod h1:qys6tmnRsYrQqIhm2bvKZH4Blx/1gTIZ2UKVY1M+Yew=
github.com/evanphx/json-patch v5.9.0+incompatible h1:fBXyNpNMuTTDdquAq/uisOr2lShz4oaXpDTX2bLe7ls=
github.com/evanphx/json-patch v5.9.0+incompatible/go.mod h1:50XU6AFN0ol/bzJsmQLiYLvXMP4fmwYFNcr97nuDLSk=
github.com/evanphx/json-patch/v5 v5.9.0 h1:kcBlZQbplgElYIlo/n1hJbls2z/1awpXxpRi0/FOJfg=
github.com/evanphx/json-patch/v5 v5.9.0/go.mod h1:VNkHZ/282BpEyt/tObQO8s5CMPmYYq14uClGH4abBuQ=
github.com/fluxcd/helm-controller/api v1.0.1 h1:Gn9qEVuif6D5+gHmVwTEZkR4+nmLOcOhKx4Sw2gL2EA=
github.com/fluxcd/helm-controller/api v1.0.1/go.mod h1:/6AD5a2qjo/ttxVM8GR33syLZwqigta60DCLdy8GrME=
github.com/fluxcd/helm-controller/api v1.1.0 h1:NS5Wm3U6Kv4w7Cw2sDOV++vf2ecGfFV00x1+2Y3QcOY=
github.com/fluxcd/helm-controller/api v1.1.0/go.mod h1:BgHMgMY6CWynzl4KIbHpd6Wpn3FN9BqgkwmvoKCp6iE=
github.com/fluxcd/kustomize-controller/api v1.3.0 h1:IwXkU48lQ/YhU6XULlPXDgQlnpNyQdCNbUvhLdWVIbE=
github.com/fluxcd/kustomize-controller/api v1.3.0/go.mod h1:kg/WM9Uye5NOqGVW/F3jnkjrlgFZHHa84+4lnzOV8fI=
github.com/fluxcd/kustomize-controller/api v1.4.0 h1:QReBAuNAlrAez4aLkbYjVlWDCIZABFsKPgRa9W05VCQ=
github.com/fluxcd/kustomize-controller/api v1.4.0/go.mod h1:z1SD5EJS+vbGmF6B17x8aJfT5nnzGVEQ+3WGquOmhwA=
github.com/fluxcd/notification-controller/api v1.3.0 h1:e3Plvo44XIKP2pUjwx8U4/fMpPwVM3EvJrYLIIqcVrI=
github.com/fluxcd/notification-controller/api v1.3.0/go.mod h1:KUaWXACNwWpAYo/Q4mzBjGbsYlUzXdq654jc1XpgMQw=
github.com/fluxcd/notification-controller/api v1.4.0 h1:KGKuFKU72jg1jT1n3c4uJZYBR8nHMb0irygwK1oPDA0=
github.com/fluxcd/notification-controller/api v1.4.0/go.mod h1:ffRczv49u9nmP9F6RrFCoqCugABmg5QfFFxgDb2VD4Y=
github.com/fluxcd/pkg/apis/acl v0.3.0 h1:UOrKkBTOJK+OlZX7n8rWt2rdBmDCoTK+f5TY2LcZi8A=
github.com/fluxcd/pkg/apis/acl v0.3.0/go.mod h1:WVF9XjSMVBZuU+HTTiSebGAWMgM7IYexFLyVWbK9bNY=
github.com/fluxcd/pkg/apis/kustomize v1.5.0 h1:ah4sfqccnio+/5Edz/tVz6LetFhiBoDzXAElj6fFCzU=
github.com/fluxcd/pkg/apis/kustomize v1.5.0/go.mod h1:nEzhnhHafhWOUUV8VMFLojUOH+HHDEsL75y54mt/c30=
github.com/fluxcd/pkg/apis/kustomize v1.6.1 h1:22FJc69Mq4i8aCxnKPlddHhSMyI4UPkQkqiAdWFcqe0=
github.com/fluxcd/pkg/apis/kustomize v1.6.1/go.mod h1:5dvQ4IZwz0hMGmuj8tTWGtarsuxW0rWsxJOwC6i+0V8=
github.com/fluxcd/pkg/apis/meta v1.5.0 h1:/G82d2Az5D9op3F+wJUpD8jw/eTV0suM6P7+cSURoUM=
github.com/fluxcd/pkg/apis/meta v1.5.0/go.mod h1:Y3u7JomuuKtr5fvP1Iji2/50FdRe5GcBug2jawNVkdM=
github.com/fluxcd/pkg/apis/meta v1.6.1 h1:maLhcRJ3P/70ArLCY/LF/YovkxXbX+6sTWZwZQBeNq0=
github.com/fluxcd/pkg/apis/meta v1.6.1/go.mod h1:YndB/gxgGZmKfqpAfFxyCDNFJFP0ikpeJzs66jwq280=
github.com/fluxcd/source-controller/api v1.3.0 h1:Z5Lq0aJY87yg0cQDEuwGLKS60GhdErCHtsi546HUt10=
github.com/fluxcd/source-controller/api v1.3.0/go.mod h1:+tfd0vltjcVs/bbnq9AlYR9AAHSVfM/Z4v4TpQmdJf4=
github.com/fluxcd/source-controller/api v1.4.1 h1:zV01D7xzHOXWbYXr36lXHWWYS7POARsjLt61Nbh3kVY=
github.com/fluxcd/source-controller/api v1.4.1/go.mod h1:gSjg57T+IG66SsBR0aquv+DFrm4YyBNpKIJVDnu3Ya8=
github.com/frankban/quicktest v1.14.6 h1:7Xjx+VpznH+oBnejlPUj8oUpdxnVs4f8XU8WnHkI4W8=
github.com/frankban/quicktest v1.14.6/go.mod h1:4ptaffx2x8+WTWXmUCuVU6aPUX1/Mz7zb5vbUoiM6w0=
github.com/fsnotify/fsnotify v1.7.0 h1:8JEhPFa5W2WU7YfeZzPNqzMP6Lwt7L2715Ggo0nosvA=
github.com/fsnotify/fsnotify v1.7.0/go.mod h1:40Bi/Hjc2AVfZrqy+aj+yEI+/bRxZnMJyTJwOpGvigM=
github.com/fxamacker/cbor/v2 v2.7.0 h1:iM5WgngdRBanHcxugY4JySA0nk1wZorNOpTgCMedv5E=
github.com/fxamacker/cbor/v2 v2.7.0/go.mod h1:pxXPTn3joSm21Gbwsv0w9OSA2y1HFR9qXEeXQVeNoDQ=
github.com/go-logr/logr v1.2.2/go.mod h1:jdQByPbusPIv2/zmleS9BjJVeZ6kBagPoEUsqbVz/1A=
github.com/go-logr/logr v1.4.2 h1:6pFjapn8bFcIbiKo3XT4j/BhANplGihG6tvd+8rYgrY=
github.com/go-logr/logr v1.4.2/go.mod h1:9T104GzyrTigFIr8wt5mBrctHMim0Nb2HLGrmQ40KvY=
github.com/go-logr/stdr v1.2.2 h1:hSWxHoqTgW2S2qGc0LTAI563KZ5YKYRhT3MFKZMbjag=
github.com/go-logr/stdr v1.2.2/go.mod h1:mMo/vtBO5dYbehREoey6XUKy/eSumjCCveDpRre4VKE=
github.com/go-logr/zapr v1.3.0 h1:XGdV8XW8zdwFiwOA2Dryh1gj2KRQyOOoNmBy4EplIcQ=
github.com/go-logr/zapr v1.3.0/go.mod h1:YKepepNBd1u/oyhd/yQmtjVXmm9uML4IXUgMOwR8/Gg=
github.com/go-openapi/analysis v0.23.0 h1:aGday7OWupfMs+LbmLZG4k0MYXIANxcuBTYUC03zFCU=
github.com/go-openapi/analysis v0.23.0/go.mod h1:9mz9ZWaSlV8TvjQHLl2mUW2PbZtemkE8yA5v22ohupo=
github.com/go-openapi/errors v0.22.0 h1:c4xY/OLxUBSTiepAg3j/MHuAv5mJhnf53LLMWFB+u/w=
github.com/go-openapi/errors v0.22.0/go.mod h1:J3DmZScxCDufmIMsdOuDHxJbdOGC0xtUynjIx092vXE=
github.com/go-openapi/jsonpointer v0.21.0 h1:YgdVicSA9vH5RiHs9TZW5oyafXZFc6+2Vc1rr/O9oNQ=
github.com/go-openapi/jsonpointer v0.21.0/go.mod h1:IUyH9l/+uyhIYQ/PXVA41Rexl+kOkAPDdXEYns6fzUY=
github.com/go-openapi/jsonreference v0.21.0 h1:Rs+Y7hSXT83Jacb7kFyjn4ijOuVGSvOdF2+tg1TRrwQ=
github.com/go-openapi/jsonreference v0.21.0/go.mod h1:LmZmgsrTkVg9LG4EaHeY8cBDslNPMo06cago5JNLkm4=
github.com/go-openapi/loads v0.22.0 h1:ECPGd4jX1U6NApCGG1We+uEozOAvXvJSF4nnwHZ8Aco=
github.com/go-openapi/loads v0.22.0/go.mod h1:yLsaTCS92mnSAZX5WWoxszLj0u+Ojl+Zs5Stn1oF+rs=
github.com/go-openapi/runtime v0.28.0 h1:gpPPmWSNGo214l6n8hzdXYhPuJcGtziTOgUpvsFWGIQ=
github.com/go-openapi/runtime v0.28.0/go.mod h1:QN7OzcS+XuYmkQLw05akXk0jRH/eZ3kb18+1KwW9gyc=
github.com/go-openapi/spec v0.21.0 h1:LTVzPc3p/RzRnkQqLRndbAzjY0d0BCL72A6j3CdL9ZY=
github.com/go-openapi/spec v0.21.0/go.mod h1:78u6VdPw81XU44qEWGhtr982gJ5BWg2c0I5XwVMotYk=
github.com/go-openapi/strfmt v0.23.0 h1:nlUS6BCqcnAk0pyhi9Y+kdDVZdZMHfEKQiS4HaMgO/c=
github.com/go-openapi/strfmt v0.23.0/go.mod h1:NrtIpfKtWIygRkKVsxh7XQMDQW5HKQl6S5ik2elW+K4=
github.com/go-openapi/swag v0.23.0 h1:vsEVJDUo2hPJ2tu0/Xc+4noaxyEffXNIs3cOULZ+GrE=
github.com/go-openapi/swag v0.23.0/go.mod h1:esZ8ITTYEsH1V2trKHjAN8Ai7xHb8RV+YSZ577vPjgQ=
github.com/go-openapi/validate v0.24.0 h1:LdfDKwNbpB6Vn40xhTdNZAnfLECL81w+VX3BumrGD58=
github.com/go-openapi/validate v0.24.0/go.mod h1:iyeX1sEufmv3nPbBdX3ieNviWnOZaJ1+zquzJEf2BAQ=
github.com/go-quicktest/qt v1.101.0 h1:O1K29Txy5P2OK0dGo59b7b0LR6wKfIhttaAhHUyn7eI=
github.com/go-quicktest/qt v1.101.0/go.mod h1:14Bz/f7NwaXPtdYEgzsx46kqSxVwTbzVZsDC26tQJow=
github.com/go-task/slim-sprig v0.0.0-20230315185526-52ccab3ef572 h1:tfuBGBXKqDEevZMzYi5KSi8KkcZtzBcTgAUUtapy0OI=
github.com/go-task/slim-sprig/v3 v3.0.0 h1:sUs3vkvUymDpBKi3qH1YSqBQk9+9D/8M2mN1vB6EwHI=
github.com/go-task/slim-sprig/v3 v3.0.0/go.mod h1:W848ghGpv3Qj3dhTPRyJypKRiqCdHZiAzKg9hl15HA8=
github.com/gogo/protobuf v1.3.2 h1:Ov1cvc58UF3b5XjBnZv7+opcTcQFZebYjWzi34vdm4Q=
github.com/gogo/protobuf v1.3.2/go.mod h1:P1XiOD3dCwIKUDQYPy72D8LYyHL2YPYrpS2s69NZV8Q=
github.com/golang/groupcache v0.0.0-20210331224755-41bb18bfe9da h1:oI5xCqsCo564l8iNU+DwB5epxmsaqB+rhGL0m5jtYqE=
github.com/golang/groupcache v0.0.0-20210331224755-41bb18bfe9da/go.mod h1:cIg4eruTrX1D+g88fzRXU5OdNfaM+9IcxsU14FzY7Hc=
github.com/golang/protobuf v1.5.4 h1:i7eJL8qZTpSEXOPTxNKhASYpMn+8e5Q6AdndVa1dWek=
github.com/golang/protobuf v1.5.4/go.mod h1:lnTiLA8Wa4RWRcIUkrtSVa5nRhsEGBg48fD6rSs7xps=
github.com/golang/snappy v0.0.1/go.mod h1:/XxbfmMg8lxefKM7IXC3fBNl/7bRcc72aCRzEWrmP2Q=
github.com/google/gnostic-models v0.6.8 h1:yo/ABAfM5IMRsS1VnXjTBvUb61tFIHozhlYvRgGre9I=
github.com/google/gnostic-models v0.6.8/go.mod h1:5n7qKqH0f5wFt+aWF8CW6pZLLNOfYuF5OpfBSENuI8U=
github.com/google/go-cmp v0.5.2/go.mod h1:v8dTdLbMG2kIc/vJvl+f65V22dbkXbowE6jgT/gNBxE=
github.com/google/go-cmp v0.5.9/go.mod h1:17dUlkBOakJ0+DkrSSNjCkIjxS6bF9zb3elmeNGIjoY=
github.com/google/go-cmp v0.6.0 h1:ofyhxvXcZhMsU5ulbFiLKl/XBFqE1GSq7atu8tAmTRI=
github.com/google/go-cmp v0.6.0/go.mod h1:17dUlkBOakJ0+DkrSSNjCkIjxS6bF9zb3elmeNGIjoY=
github.com/google/gofuzz v1.0.0/go.mod h1:dBl0BpW6vV/+mYPU4Po3pmUjxk6FQPldtuIdl/M65Eg=
github.com/google/gofuzz v1.2.0 h1:xRy4A+RhZaiKjJ1bPfwQ8sedCA+YS2YcCHW6ec7JMi0=
github.com/google/gofuzz v1.2.0/go.mod h1:dBl0BpW6vV/+mYPU4Po3pmUjxk6FQPldtuIdl/M65Eg=
github.com/google/gopacket v1.1.19 h1:ves8RnFZPGiFnTS0uPQStjwru6uO6h+nlr9j6fL7kF8=
github.com/google/gopacket v1.1.19/go.mod h1:iJ8V8n6KS+z2U1A8pUwu8bW5SyEMkXJB8Yo/Vo+TKTo=
github.com/google/pprof v0.0.0-20240525223248-4bfdf5a9a2af h1:kmjWCqn2qkEml422C2Rrd27c3VGxi6a/6HNq8QmHRKM=
github.com/google/pprof v0.0.0-20240525223248-4bfdf5a9a2af/go.mod h1:K1liHPHnj73Fdn/EKuT8nrFqBihUSKXoLYU0BuatOYo=
github.com/google/pprof v0.0.0-20240727154555-813a5fbdbec8 h1:FKHo8hFI3A+7w0aUQuYXQ+6EN5stWmeY/AZqtM8xk9k=
github.com/google/uuid v1.1.1/go.mod h1:TIyPZe4MgqvfeYDBFedMoGGpEw/LqOeaOT+nhxU+yHo=
github.com/google/uuid v1.6.0 h1:NIvaJDMOsjHA8n1jAhLSgzrAzy1Hgr+hNrb57e+94F0=
github.com/google/uuid v1.6.0/go.mod h1:TIyPZe4MgqvfeYDBFedMoGGpEw/LqOeaOT+nhxU+yHo=
github.com/hashicorp/hcl v1.0.1-vault-5 h1:kI3hhbbyzr4dldA8UdTb7ZlVVlI2DACdCfz31RPDgJM=
github.com/hashicorp/hcl v1.0.1-vault-5/go.mod h1:XYhtn6ijBSAj6n4YqAaf7RBPS4I06AItNorpy+MoQNM=
github.com/huandu/xstrings v1.3.3/go.mod h1:y5/lhBue+AyNmUVz9RLU9xbLR0o4KIIExikq4ovT0aE=
github.com/huandu/xstrings v1.5.0 h1:2ag3IFq9ZDANvthTwTiqSSZLjDc+BedvHPAp5tJy2TI=
github.com/huandu/xstrings v1.5.0/go.mod h1:y5/lhBue+AyNmUVz9RLU9xbLR0o4KIIExikq4ovT0aE=
github.com/imdario/mergo v0.3.11/go.mod h1:jmQim1M+e3UYxmgPu/WyfjB3N3VflVyUjjjwH0dnCYA=
github.com/imdario/mergo v0.3.16 h1:wwQJbIsHYGMUyLSPrEq1CT16AhnhNJQ51+4fdHUnCl4=
github.com/imdario/mergo v0.3.16/go.mod h1:WBLT9ZmE3lPoWsEzCh9LPo3TiwVN+ZKEjmz+hD27ysY=
github.com/inconshreveable/mousetrap v1.1.0 h1:wN+x4NVGpMsO7ErUn/mUI3vEoE6Jt13X2s0bqwp9tc8=
github.com/inconshreveable/mousetrap v1.1.0/go.mod h1:vpF70FUmC8bwa3OWnCshd2FqLfsEA9PFc4w1p2J65bw=
github.com/josharian/intern v1.0.0 h1:vlS4z54oSdjm0bgjRigI+G1HpF+tI+9rE5LLzOg8HmY=
github.com/josharian/intern v1.0.0/go.mod h1:5DoeVV0s6jJacbCEi61lwdGj/aVlrQvzHFFd8Hwg//Y=
github.com/json-iterator/go v1.1.12 h1:PV8peI4a0ysnczrg+LtxykD8LfKY9ML6u2jnxaEnrnM=
github.com/json-iterator/go v1.1.12/go.mod h1:e30LSqwooZae/UwlEbR2852Gd8hjQvJoHmT4TnhNGBo=
github.com/k8snetworkplumbingwg/network-attachment-definition-client v1.7.0 h1:47q2PIbDYHmOaqLxgGnvpLq96v9UKDsJfNW6j/KbfpQ=
github.com/k8snetworkplumbingwg/network-attachment-definition-client v1.7.0/go.mod h1:KDX0bPKeuhMakcNzLf2sWXKPNZ30wH01bsY/KJZLxFY=
github.com/k8snetworkplumbingwg/network-attachment-definition-client v1.7.3 h1:W44yEuOvwcBErGzSjjVGEbmHh8oRGLmxDSC2yVJQ2aM=
github.com/k8snetworkplumbingwg/network-attachment-definition-client v1.7.3/go.mod h1:CM7HAH5PNuIsqjMN0fGc1ydM74Uj+0VZFhob620nklw=
github.com/k8snetworkplumbingwg/network-attachment-definition-client v1.7.4 h1:vn0d/47rWzEHpDl3Ac7MiD9DfKK3gNBezI5khPKE7AQ=
github.com/k8snetworkplumbingwg/network-attachment-definition-client v1.7.4/go.mod h1:CM7HAH5PNuIsqjMN0fGc1ydM74Uj+0VZFhob620nklw=
github.com/k8snetworkplumbingwg/network-attachment-definition-client v1.7.5 h1:CELpSMPSyicFBaVsxROmfrWlu9yr3Dduk+y7vGrIsx8=
github.com/k8snetworkplumbingwg/network-attachment-definition-client v1.7.5/go.mod h1:CM7HAH5PNuIsqjMN0fGc1ydM74Uj+0VZFhob620nklw=
github.com/kisielk/errcheck v1.5.0/go.mod h1:pFxgyoBC7bSaBwPgfKdkLd5X25qrDl4LWUI2bnpBCr8=
github.com/kisielk/gotool v1.0.0/go.mod h1:XhKaO+MFFWcvkIS/tQcRk01m1F5IRFswLeQ+oQHNcck=
github.com/klauspost/compress v1.13.6/go.mod h1:/3/Vjq9QcHkK5uEr5lBEmyoZ1iFhe47etQ6QUkpK6sk=
github.com/klauspost/compress v1.17.9 h1:6KIumPrER1LHsvBVuDa0r5xaG0Es51mhhB9BQB2qeMA=
github.com/klauspost/compress v1.17.9/go.mod h1:Di0epgTjJY877eYKx5yC51cX2A2Vl2ibi7bDH9ttBbw=
github.com/kr/pretty v0.1.0/go.mod h1:dAy3ld7l9f0ibDNOQOHHMYYIIbhfbHSm3C4ZsoJORNo=
github.com/kr/pretty v0.3.1 h1:flRD4NNwYAUpkphVc1HcthR4KEIFJ65n8Mw5qdRn3LE=
github.com/kr/pretty v0.3.1/go.mod h1:hoEshYVHaxMs3cyo3Yncou5ZscifuDolrwPKZanG3xk=
github.com/kr/pty v1.1.1/go.mod h1:pFQYn66WHrOpPYNljwOMqo10TkYh1fy3cYio2l3bCsQ=
github.com/kr/text v0.1.0/go.mod h1:4Jbv+DJW3UT/LiOwJeYQe1efqtUx/iVham/4vfdArNI=
github.com/kr/text v0.2.0 h1:5Nx0Ya0ZqY2ygV366QzturHI13Jq95ApcVaJBhpS+AY=
github.com/kr/text v0.2.0/go.mod h1:eLer722TekiGuMkidMxC/pM04lWEeraHUUmBw8l2grE=
github.com/mackerelio/go-osstat v0.2.5 h1:+MqTbZUhoIt4m8qzkVoXUJg1EuifwlAJSk4Yl2GXh+o=
github.com/mackerelio/go-osstat v0.2.5/go.mod h1:atxwWF+POUZcdtR1wnsUcQxTytoHG4uhl2AKKzrOajY=
github.com/magiconair/properties v1.8.7 h1:IeQXZAiQcpL9mgcAe1Nu6cX9LLw6ExEHKjN0VQdvPDY=
github.com/magiconair/properties v1.8.7/go.mod h1:Dhd985XPs7jluiymwWYZ0G4Z61jb3vdS329zhj2hYo0=
github.com/mailru/easyjson v0.7.7 h1:UGYAvKxe3sBsEDzO8ZeWOSlIQfWFlxbzLZe7hwFURr0=
github.com/mailru/easyjson v0.7.7/go.mod h1:xzfreul335JAWq5oZzymOObrkdz5UnU4kGfJJLY9Nlc=
github.com/mitchellh/copystructure v1.0.0/go.mod h1:SNtv71yrdKgLRyLFxmLdkAbkKEFWgYaq1OVrnRcwhnw=
github.com/mitchellh/copystructure v1.2.0 h1:vpKXTN4ewci03Vljg/q9QvCGUDttBOGBIa15WveJJGw=
github.com/mitchellh/copystructure v1.2.0/go.mod h1:qLl+cE2AmVv+CoeAwDPye/v+N2HKCj9FbZEVFJRxO9s=
github.com/mitchellh/mapstructure v1.5.0 h1:jeMsZIYE/09sWLaz43PL7Gy6RuMjD2eJVyuac5Z2hdY=
github.com/mitchellh/mapstructure v1.5.0/go.mod h1:bFUtVrKA4DC2yAKiSyO/QUcy7e+RRV2QTWOzhPopBRo=
github.com/mitchellh/reflectwalk v1.0.0/go.mod h1:mSTlrgnPZtwu0c4WaC2kGObEpuNDbx0jmZXqmk4esnw=
github.com/mitchellh/reflectwalk v1.0.2 h1:G2LzWKi524PWgd3mLHV8Y5k7s6XUvT0Gef6zxSIeXaQ=
github.com/mitchellh/reflectwalk v1.0.2/go.mod h1:mSTlrgnPZtwu0c4WaC2kGObEpuNDbx0jmZXqmk4esnw=
github.com/mkmik/multierror v0.4.0 h1:TcH9HTFK/X1JJLOnWYp0b6mKQJuVUGwS9aFFGBfYaH8=
github.com/mkmik/multierror v0.4.0/go.mod h1:pz+UajC3ELc35PsCPVL69CAji3J/YNRuyI4rOYdCwPY=
github.com/modern-go/concurrent v0.0.0-20180228061459-e0a39a4cb421/go.mod h1:6dJC0mAP4ikYIbvyc7fijjWJddQyLn8Ig3JB5CqoB9Q=
github.com/modern-go/concurrent v0.0.0-20180306012644-bacd9c7ef1dd h1:TRLaZ9cD/w8PVh93nsPXa1VrQ6jlwL5oN8l14QlcNfg=
github.com/modern-go/concurrent v0.0.0-20180306012644-bacd9c7ef1dd/go.mod h1:6dJC0mAP4ikYIbvyc7fijjWJddQyLn8Ig3JB5CqoB9Q=
github.com/modern-go/reflect2 v1.0.2 h1:xBagoLtFs94CBntxluKeaWgTMpvLxC4ur3nMaC9Gz0M=
github.com/modern-go/reflect2 v1.0.2/go.mod h1:yWuevngMOJpCy52FWWMvUC8ws7m/LJsjYzDa0/r8luk=
github.com/montanaflynn/stats v0.0.0-20171201202039-1bf9dbcd8cbe/go.mod h1:wL8QJuTMNUDYhXwkmfOly8iTdp5TEcJFWZD2D7SIkUc=
github.com/munnerz/goautoneg v0.0.0-20191010083416-a7dc8b61c822 h1:C3w9PqII01/Oq1c1nUAm88MOHcQC9l5mIlSMApZMrHA=
github.com/munnerz/goautoneg v0.0.0-20191010083416-a7dc8b61c822/go.mod h1:+n7T8mK8HuQTcFwEeznm/DIxMOiR9yIdICNftLE1DvQ=
github.com/oklog/ulid v1.3.1 h1:EGfNDEx6MqHz8B3uNV6QAib1UR2Lm97sHi3ocA6ESJ4=
github.com/oklog/ulid v1.3.1/go.mod h1:CirwcVhetQ6Lv90oh/F+FBtV6XMibvdAFo93nm5qn4U=
github.com/onsi/ginkgo v1.16.5 h1:8xi0RTUf59SOSfEtZMvwTvXYMzG4gV23XVHOZiXNtnE=
github.com/onsi/ginkgo/v2 v2.19.0 h1:9Cnnf7UHo57Hy3k6/m5k3dRfGTMXGvxhHFvkDTCTpvA=
github.com/onsi/ginkgo/v2 v2.19.0/go.mod h1:rlwLi9PilAFJ8jCg9UE1QP6VBpd6/xj3SRC0d6TU0To=
github.com/onsi/gomega v1.33.1 h1:dsYjIxxSR755MDmKVsaFQTE22ChNBcuuTWgkUDSubOk=
github.com/onsi/gomega v1.33.1/go.mod h1:U4R44UsT+9eLIaYRB2a5qajjtQYn0hauxvRm16AVYg0=
github.com/openshift/api v3.9.0+incompatible h1:fJ/KsefYuZAjmrr3+5U9yZIZbTOpVkDDLDLFresAeYs=
github.com/openshift/api v3.9.0+incompatible/go.mod h1:dh9o4Fs58gpFXGSYfnVxGR9PnV53I8TW84pQaJDdGiY=
github.com/opentracing/opentracing-go v1.2.1-0.20220228012449-10b1cf09e00b h1:FfH+VrHHk6Lxt9HdVS0PXzSXFyS2NbZKXv33FYPol0A=
github.com/opentracing/opentracing-go v1.2.1-0.20220228012449-10b1cf09e00b/go.mod h1:AC62GU6hc0BrNm+9RK9VSiwa/EUe1bkIeFORAMcHvJU=
github.com/ory/hydra-maester v0.0.34 h1:jrIQwQGdYRDwQfYPsT4gRaFg2js7N4s29NGDuOOH7C0=
github.com/ory/hydra-maester v0.0.34/go.mod h1:QJhB69152mtWj7LFZJgQn3TJohtvFwuZhWO2e0LPArg=
github.com/ory/hydra-maester v0.0.35 h1:EQ93/h7POwNVXiPKh2+r58535nR6aVktzkP3XwTv4D4=
github.com/ory/hydra-maester v0.0.35/go.mod h1:x6hKmwEO2Fa3iBcqoekkrXKQUjwA+IOq7hefK9zseN0=
github.com/pelletier/go-toml/v2 v2.2.2 h1:aYUidT7k73Pcl9nb2gScu7NSrKCSHIDE89b3+6Wq+LM=
github.com/pelletier/go-toml/v2 v2.2.2/go.mod h1:1t835xjRzz80PqgE6HHgN2JOsmgYu/h4qDAS4n929Rs=
github.com/petermattis/goid v0.0.0-20180202154549-b0b1615b78e5 h1:q2e307iGHPdTGp0hoxKjt1H5pDo6utceo3dQVK3I5XQ=
github.com/petermattis/goid v0.0.0-20180202154549-b0b1615b78e5/go.mod h1:jvVRKCrJTQWu0XVbaOlby/2lO20uSCHEMzzplHXte1o=
github.com/pkg/diff v0.0.0-20210226163009-20ebb0f2a09e/go.mod h1:pJLUxLENpZxwdsKMEsNbx1VGcRFpLqf3715MtcvvzbA=
github.com/pkg/errors v0.9.1 h1:FEBLx1zS214owpjy7qsBeixbURkuhQAwrK5UwLGTwt4=
github.com/pkg/errors v0.9.1/go.mod h1:bwawxfHBFNV+L2hUp1rHADufV3IMtnDRdf1r5NINEl0=
github.com/pmezard/go-difflib v1.0.0/go.mod h1:iKH77koFhYxTK1pcRnkKkqfTogsbg7gZNVY4sRDYZ/4=
github.com/pmezard/go-difflib v1.0.1-0.20181226105442-5d4384ee4fb2 h1:Jamvg5psRIccs7FGNTlIRMkT8wgtp5eCXdBlqhYGL6U=
github.com/pmezard/go-difflib v1.0.1-0.20181226105442-5d4384ee4fb2/go.mod h1:iKH77koFhYxTK1pcRnkKkqfTogsbg7gZNVY4sRDYZ/4=
github.com/prometheus-operator/prometheus-operator/pkg/apis/monitoring v0.75.0 h1:62MgqpTrtjNd8cc0RJSFJ1OHqgSrThgHehGVuQaF/fc=
github.com/prometheus-operator/prometheus-operator/pkg/apis/monitoring v0.75.0/go.mod h1:XYrdZw5dW12Cjkt4ndbeNZZTBp4UCHtW0ccR9+sTtPU=
github.com/prometheus-operator/prometheus-operator/pkg/apis/monitoring v0.77.0 h1:qJ0oVdazkVKcmVJNZncFylrbyf8c48sym/2b8P/0Ahg=
github.com/prometheus-operator/prometheus-operator/pkg/apis/monitoring v0.77.0/go.mod h1:D0KY8md81DQKdaR/cXwnhoWB3MYYyc/UjvqE8GFkIvA=
github.com/prometheus-operator/prometheus-operator/pkg/apis/monitoring v0.77.1 h1:XGoEXT6WTTihO+MD8MAao+YaQIH905HbK0WK2lyo28k=
github.com/prometheus-operator/prometheus-operator/pkg/apis/monitoring v0.77.1/go.mod h1:D0KY8md81DQKdaR/cXwnhoWB3MYYyc/UjvqE8GFkIvA=
github.com/prometheus-operator/prometheus-operator/pkg/apis/monitoring v0.77.2 h1:F/MALZ518KfI1zEg+Kg8/uTzoXKDyqw+LNC/5irJlJE=
github.com/prometheus-operator/prometheus-operator/pkg/apis/monitoring v0.77.2/go.mod h1:D0KY8md81DQKdaR/cXwnhoWB3MYYyc/UjvqE8GFkIvA=
github.com/prometheus/client_golang v1.19.1 h1:wZWJDwK+NameRJuPGDhlnFgx8e8HN3XHQeLaYJFJBOE=
github.com/prometheus/client_golang v1.19.1/go.mod h1:mP78NwGzrVks5S2H6ab8+ZZGJLZUq1hoULYBAYBw1Ho=
github.com/prometheus/client_golang v1.20.4 h1:Tgh3Yr67PaOv/uTqloMsCEdeuFTatm5zIq5+qNN23vI=
github.com/prometheus/client_golang v1.20.4/go.mod h1:PIEt8X02hGcP8JWbeHyeZ53Y/jReSnHgO035n//V5WE=
github.com/prometheus/client_model v0.6.1 h1:ZKSh/rekM+n3CeS952MLRAdFwIKqeY8b62p8ais2e9E=
github.com/prometheus/client_model v0.6.1/go.mod h1:OrxVMOVHjw3lKMa8+x6HeMGkHMQyHDk9E3jmP2AmGiY=
github.com/prometheus/common v0.55.0 h1:KEi6DK7lXW/m7Ig5i47x0vRzuBsHuvJdi5ee6Y3G1dc=
github.com/prometheus/common v0.55.0/go.mod h1:2SECS4xJG1kd8XF9IcM1gMX6510RAEL65zxzNImwdc8=
github.com/prometheus/procfs v0.15.1 h1:YagwOFzUgYfKKHX6Dr+sHT7km/hxC76UB0learggepc=
github.com/prometheus/procfs v0.15.1/go.mod h1:fB45yRUv8NstnjriLhBQLuOUt+WW4BsoGhij/e3PBqk=
github.com/rogpeppe/go-internal v1.9.0/go.mod h1:WtVeX8xhTBvf0smdhujwtBcq4Qrzq/fJaraNFVN+nFs=
github.com/rogpeppe/go-internal v1.12.0 h1:exVL4IDcn6na9z1rAb56Vxr+CgyK3nn3O+epU5NdKM8=
github.com/rogpeppe/go-internal v1.12.0/go.mod h1:E+RYuTGaKKdloAfM02xzb0FW3Paa99yedzYV+kq4uf4=
github.com/russross/blackfriday/v2 v2.1.0/go.mod h1:+Rmxgy9KzJVeS9/2gXHxylqXiyQDYRxCVz55jmeOWTM=
github.com/sagikazarmark/locafero v0.4.0 h1:HApY1R9zGo4DBgr7dqsTH/JJxLTTsOt7u6keLGt6kNQ=
github.com/sagikazarmark/locafero v0.4.0/go.mod h1:Pe1W6UlPYUk/+wc/6KFhbORCfqzgYEpgQ3O5fPuL3H4=
github.com/sagikazarmark/slog-shim v0.1.0 h1:diDBnUNK9N/354PgrxMywXnAwEr1QZcOr6gto+ugjYE=
github.com/sagikazarmark/slog-shim v0.1.0/go.mod h1:SrcSrq8aKtyuqEI1uvTDTK1arOWRIczQRv+GVI1AkeQ=
github.com/sasha-s/go-deadlock v0.3.1 h1:sqv7fDNShgjcaxkO0JNcOAlr8B9+cV5Ey/OB71efZx0=
github.com/sasha-s/go-deadlock v0.3.1/go.mod h1:F73l+cr82YSh10GxyRI6qZiCgK64VaZjwesgfQ1/iLM=
github.com/shopspring/decimal v1.2.0/go.mod h1:DKyhrW/HYNuLGql+MJL6WCR6knT2jwCFRcu2hWCYk4o=
github.com/shopspring/decimal v1.4.0 h1:bxl37RwXBklmTi0C79JfXCEBD1cqqHt0bbgBAGFp81k=
github.com/shopspring/decimal v1.4.0/go.mod h1:gawqmDU56v4yIKSwfBSFip1HdCCXN8/+DMd9qYNcwME=
github.com/sirupsen/logrus v1.9.3 h1:dueUQJ1C2q9oE3F7wvmSGAaVtTmUizReu6fjN8uqzbQ=
github.com/sirupsen/logrus v1.9.3/go.mod h1:naHLuLoDiP4jHNo9R0sCBMtWGeIprob74mVsIT4qYEQ=
github.com/sourcegraph/conc v0.3.0 h1:OQTbbt6P72L20UqAkXXuLOj79LfEanQ+YQFNpLA9ySo=
github.com/sourcegraph/conc v0.3.0/go.mod h1:Sdozi7LEKbFPqYX2/J+iBAM6HpqSLTASQIKqDmF7Mt0=
github.com/spf13/afero v1.11.0 h1:WJQKhtpdm3v2IzqG8VMqrr6Rf3UYpEF239Jy9wNepM8=
github.com/spf13/afero v1.11.0/go.mod h1:GH9Y3pIexgf1MTIWtNGyogA5MwRIDXGUr+hbWNoBjkY=
github.com/spf13/cast v1.3.1/go.mod h1:Qx5cxh0v+4UWYiBimWS+eyWzqEqokIECu5etghLkUJE=
github.com/spf13/cast v1.6.0 h1:GEiTHELF+vaR5dhz3VqZfFSzZjYbgeKDpBxQVS4GYJ0=
github.com/spf13/cast v1.6.0/go.mod h1:ancEpBxwJDODSW/UG4rDrAqiKolqNNh2DX3mk86cAdo=
github.com/spf13/cobra v1.8.1 h1:e5/vxKd/rZsfSJMUX1agtjeTDf+qv1/JdBF8gg5k9ZM=
github.com/spf13/cobra v1.8.1/go.mod h1:wHxEcudfqmLYa8iTfL+OuZPbBZkmvliBWKIezN3kD9Y=
github.com/spf13/pflag v1.0.5/go.mod h1:McXfInJRrz4CZXVZOBLb0bTZqETkiAhM9Iw0y3An2Bg=
github.com/spf13/pflag v1.0.6-0.20210604193023-d5e0c0615ace h1:9PNP1jnUjRhfmGMlkXHjYPishpcw4jpSt/V/xYY3FMA=
github.com/spf13/pflag v1.0.6-0.20210604193023-d5e0c0615ace/go.mod h1:McXfInJRrz4CZXVZOBLb0bTZqETkiAhM9Iw0y3An2Bg=
github.com/spf13/viper v1.19.0 h1:RWq5SEjt8o25SROyN3z2OrDB9l7RPd3lwTWU8EcEdcI=
github.com/spf13/viper v1.19.0/go.mod h1:GQUN9bilAbhU/jgc1bKs99f/suXKeUMct8Adx5+Ntkg=
github.com/stretchr/objx v0.1.0/go.mod h1:HFkY916IF+rwdDfMAkV7OtwuqBVzrE8GR6GFx+wExME=
github.com/stretchr/objx v0.4.0/go.mod h1:YvHI0jy2hoMjB+UWwv71VJQ9isScKT/TqJzVSSt89Yw=
github.com/stretchr/objx v0.5.0/go.mod h1:Yh+to48EsGEfYuaHDzXPcE3xhTkx73EhmCGUpEOglKo=
github.com/stretchr/objx v0.5.2/go.mod h1:FRsXN1f5AsAjCGJKqEizvkpNtU+EGNCLh3NxZ/8L+MA=
github.com/stretchr/testify v1.2.2/go.mod h1:a8OnRcib4nhh0OaRAV+Yts87kKdq0PP7pXfy6kDkUVs=
github.com/stretchr/testify v1.3.0/go.mod h1:M5WIy9Dh21IEIfnGCwXGc5bZfKNJtfHm1UVUgZn+9EI=
github.com/stretchr/testify v1.5.1/go.mod h1:5W2xD1RspED5o8YsWQXVCued0rvSQ+mT+I5cxcmMvtA=
github.com/stretchr/testify v1.6.1/go.mod h1:6Fq8oRcR53rry900zMqJjRRixrwX3KX962/h/Wwjteg=
github.com/stretchr/testify v1.7.0/go.mod h1:6Fq8oRcR53rry900zMqJjRRixrwX3KX962/h/Wwjteg=
github.com/stretchr/testify v1.7.1/go.mod h1:6Fq8oRcR53rry900zMqJjRRixrwX3KX962/h/Wwjteg=
github.com/stretchr/testify v1.8.0/go.mod h1:yNjHg4UonilssWZ8iaSj1OCr/vHnekPRkoO+kdMU+MU=
github.com/stretchr/testify v1.8.4/go.mod h1:sz/lmYIOXD/1dqDmKjjqLyZ2RngseejIcXlSw2iwfAo=
github.com/stretchr/testify v1.9.0 h1:HtqpIVDClZ4nwg75+f6Lvsy/wHu+3BoSGCbBAcpTsTg=
github.com/stretchr/testify v1.9.0/go.mod h1:r2ic/lqez/lEtzL7wO/rwa5dbSLXVDPFyf8C91i36aY=
github.com/subosito/gotenv v1.6.0 h1:9NlTDc1FTs4qu0DDq7AEtTPNw6SVm7uBMsUCUjABIf8=
github.com/subosito/gotenv v1.6.0/go.mod h1:Dk4QP5c2W3ibzajGcXpNraDfq2IrhjMIvMSWPKKo0FU=
github.com/tidwall/pretty v1.0.0/go.mod h1:XNkn88O1ChpSDQmQeStsy+sBenx6DDtFZJxhVysOjyk=
github.com/tidwall/pretty v1.2.0 h1:RWIZEg2iJ8/g6fDDYzMpobmaoGh5OLl4AXtGUGPcqCs=
github.com/tidwall/pretty v1.2.0/go.mod h1:ITEVvHYasfjBbM0u2Pg8T2nJnzm8xPwvNhhsoaGGjNU=
github.com/vishvananda/netlink v1.2.1-beta.2.0.20240524165444-4d4ba1473f21 h1:tcHUxOT8j/R+0S+A1j8D2InqguXFNxAiij+8QFOlX7Y=
github.com/vishvananda/netlink v1.2.1-beta.2.0.20240524165444-4d4ba1473f21/go.mod h1:whJevzBpTrid75eZy99s3DqCmy05NfibNaF2Ol5Ox5A=
github.com/vishvananda/netns v0.0.0-20200728191858-db3c7e526aae/go.mod h1:DD4vA1DwXk04H54A1oHXtwZmA0grkVMdPxx/VGLCah0=
github.com/vishvananda/netns v0.0.4 h1:Oeaw1EM2JMxD51g9uhtC0D7erkIjgmj8+JZc26m1YX8=
github.com/vishvananda/netns v0.0.4/go.mod h1:SpkAiCQRtJ6TvvxPnOSyH3BMl6unz3xZlaprSwhNNJM=
github.com/x448/float16 v0.8.4 h1:qLwI1I70+NjRFUR3zs1JPUCgaCXSh3SW62uAKT1mSBM=
github.com/x448/float16 v0.8.4/go.mod h1:14CWIYCyZA/cWjXOioeEpHeN/83MdbZDRQHoFcYsOfg=
github.com/xdg-go/pbkdf2 v1.0.0/go.mod h1:jrpuAogTd400dnrH08LKmI/xc1MbPOebTwRqcT5RDeI=
github.com/xdg-go/scram v1.1.1/go.mod h1:RaEWvsqvNKKvBPvcKeFjrG2cJqOkHTiyTpzz23ni57g=
github.com/xdg-go/stringprep v1.0.3/go.mod h1:W3f5j4i+9rC0kuIEJL0ky1VpHXQU3ocBgklLGvcBnW8=
github.com/youmark/pkcs8 v0.0.0-20181117223130-1be2e3e5546d/go.mod h1:rHwXgn7JulP+udvsHwJoVG1YGAP6VLg4y9I5dyZdqmA=
github.com/yuin/goldmark v1.1.27/go.mod h1:3hX8gzYuyVAZsxl0MRgGTJEmQBFcNTphYh9decYSb74=
github.com/yuin/goldmark v1.2.1/go.mod h1:3hX8gzYuyVAZsxl0MRgGTJEmQBFcNTphYh9decYSb74=
github.com/yuin/goldmark v1.4.13/go.mod h1:6yULJ656Px+3vBD8DxQVa3kxgyrAnzto9xy5taEt/CY=
go.mongodb.org/mongo-driver v1.11.4 h1:4ayjakA013OdpGyL2K3ZqylTac/rMjrJOMZ1EHizXas=
go.mongodb.org/mongo-driver v1.11.4/go.mod h1:PTSz5yu21bkT/wXpkS7WR5f0ddqw5quethTUn9WM+2g=
go.opentelemetry.io/otel v1.27.0 h1:9BZoF3yMK/O1AafMiQTVu0YDj5Ea4hPhxCs7sGva+cg=
go.opentelemetry.io/otel v1.27.0/go.mod h1:DMpAK8fzYRzs+bi3rS5REupisuqTheUlSZJ1WnZaPAQ=
go.opentelemetry.io/otel v1.28.0 h1:/SqNcYk+idO0CxKEUOtKQClMK/MimZihKYMruSMViUo=
go.opentelemetry.io/otel v1.28.0/go.mod h1:q68ijF8Fc8CnMHKyzqL6akLO46ePnjkgfIMIjUIX9z4=
go.opentelemetry.io/otel v1.29.0 h1:PdomN/Al4q/lN6iBJEN3AwPvUiHPMlt93c8bqTG5Llw=
go.opentelemetry.io/otel v1.29.0/go.mod h1:N/WtXPs1CNCUEx+Agz5uouwCba+i+bJGFicT8SR4NP8=
go.opentelemetry.io/otel/metric v1.27.0 h1:hvj3vdEKyeCi4YaYfNjv2NUje8FqKqUY8IlF0FxV/ik=
go.opentelemetry.io/otel/metric v1.27.0/go.mod h1:mVFgmRlhljgBiuk/MP/oKylr4hs85GZAylncepAX/ak=
go.opentelemetry.io/otel/metric v1.28.0 h1:f0HGvSl1KRAU1DLgLGFjrwVyismPlnuU6JD6bOeuA5Q=
go.opentelemetry.io/otel/metric v1.28.0/go.mod h1:Fb1eVBFZmLVTMb6PPohq3TO9IIhUisDsbJoL/+uQW4s=
go.opentelemetry.io/otel/metric v1.29.0 h1:vPf/HFWTNkPu1aYeIsc98l4ktOQaL6LeSoeV2g+8YLc=
go.opentelemetry.io/otel/metric v1.29.0/go.mod h1:auu/QWieFVWx+DmQOUMgj0F8LHWdgalxXqvp7BII/W8=
go.opentelemetry.io/otel/sdk v1.26.0 h1:Y7bumHf5tAiDlRYFmGqetNcLaVUZmh4iYfmGxtmz7F8=
go.opentelemetry.io/otel/sdk v1.26.0/go.mod h1:0p8MXpqLeJ0pzcszQQN4F0S5FVjBLgypeGSngLsmirs=
go.opentelemetry.io/otel/trace v1.27.0 h1:IqYb813p7cmbHk0a5y6pD5JPakbVfftRXABGt5/Rscw=
go.opentelemetry.io/otel/trace v1.27.0/go.mod h1:6RiD1hkAprV4/q+yd2ln1HG9GoPx39SuvvstaLBl+l4=
go.opentelemetry.io/otel/trace v1.28.0 h1:GhQ9cUuQGmNDd5BTCP2dAvv75RdMxEfTmYejp+lkx9g=
go.opentelemetry.io/otel/trace v1.28.0/go.mod h1:jPyXzNPg6da9+38HEwElrQiHlVMTnVfM3/yv2OlIHaI=
go.opentelemetry.io/otel/trace v1.29.0 h1:J/8ZNK4XgR7a21DZUAsbF8pZ5Jcw1VhACmnYt39JTi4=
go.opentelemetry.io/otel/trace v1.29.0/go.mod h1:eHl3w0sp3paPkYstJOmAimxhiFXPg+MMTlEh3nsQgWQ=
go.uber.org/dig v1.17.1 h1:Tga8Lz8PcYNsWsyHMZ1Vm0OQOUaJNDyvPImgbAu9YSc=
go.uber.org/dig v1.17.1/go.mod h1:Us0rSJiThwCv2GteUN0Q7OKvU7n5J4dxZ9JKUXozFdE=
go.uber.org/multierr v1.11.0 h1:blXXJkSxSSfBVBlC76pxqeO+LN3aDfLQo+309xJstO0=
go.uber.org/multierr v1.11.0/go.mod h1:20+QtiLqy0Nd6FdQB9TLXag12DsQkrbs3htMFfDN80Y=
go.uber.org/zap v1.27.0 h1:aJMhYGrd5QSmlpLMr2MftRKl7t8J8PTZPA732ud/XR8=
go.uber.org/zap v1.27.0/go.mod h1:GB2qFLM7cTU87MWRP2mPIjqfIDnGu+VIO4V/SdhGo2E=
go4.org/netipx v0.0.0-20231129151722-fdeea329fbba h1:0b9z3AuHCjxk0x/opv64kcgZLBseWJUpBw5I82+2U4M=
go4.org/netipx v0.0.0-20231129151722-fdeea329fbba/go.mod h1:PLyyIXexvUFg3Owu6p/WfdlivPbZJsZdgWZlrGope/Y=
golang.org/x/crypto v0.0.0-20190308221718-c2843e01d9a2/go.mod h1:djNgcEr1/C05ACkg1iLfiJU5Ep61QUkGW8qpdssI0+w=
golang.org/x/crypto v0.0.0-20191011191535-87dc89f01550/go.mod h1:yigFU9vqHzYiE8UmvKecakEJjdnWj3jj499lnFckfCI=
golang.org/x/crypto v0.0.0-20200622213623-75b288015ac9/go.mod h1:LzIPMQfyMNhhGPhUkYOs5KpL4U8rLKemX1yGLhDgUto=
golang.org/x/crypto v0.0.0-20210921155107-089bfa567519/go.mod h1:GvvjBRRGRdwPK5ydBHafDWAxML/pGHZbMvKqRZ5+Abc=
golang.org/x/crypto v0.0.0-20220622213112-05595931fe9d/go.mod h1:IxCIyHEi3zRg3s0A5j5BB6A9Jmi73HwBIUl50j+osU4=
golang.org/x/crypto v0.3.0/go.mod h1:hebNnKkNXi2UzZN1eVRvBB7co0a+JxK6XbPiWVs/3J4=
golang.org/x/crypto v0.25.0 h1:ypSNr+bnYL2YhwoMt2zPxHFmbAN1KZs/njMG3hxUp30=
golang.org/x/crypto v0.25.0/go.mod h1:T+wALwcMOSE0kXgUAnPAHqTLW+XHgcELELW8VaDgm/M=
golang.org/x/crypto v0.27.0 h1:GXm2NjJrPaiv/h1tb2UH8QfgC/hOf/+z0p6PT8o1w7A=
golang.org/x/crypto v0.27.0/go.mod h1:1Xngt8kV6Dvbssa53Ziq6Eqn0HqbZi5Z6R0ZpwQzt70=
golang.org/x/exp v0.0.0-20240613232115-7f521ea00fb8 h1:yixxcjnhBmY0nkL253HFVIm0JsFHwrHdT3Yh6szTnfY=
golang.org/x/exp v0.0.0-20240613232115-7f521ea00fb8/go.mod h1:jj3sYF3dwk5D+ghuXyeI3r5MFf+NT2An6/9dOA95KSI=
golang.org/x/exp v0.0.0-20240719175910-8a7402abbf56 h1:2dVuKD2vS7b0QIHQbpyTISPd0LeHDbnYEryqj5Q1ug8=
golang.org/x/exp v0.0.0-20240719175910-8a7402abbf56/go.mod h1:M4RDyNAINzryxdtnbRXRL/OHtkFuWGRjvuhBJpk2IlY=
golang.org/x/lint v0.0.0-20200302205851-738671d3881b/go.mod h1:3xt1FjdF8hUf6vQPIChWIBhFzV8gjjsPE/fR3IyQdNY=
golang.org/x/mod v0.1.1-0.20191105210325-c90efee705ee/go.mod h1:QqPTAvyqsEbceGzBzNggFXnrqF1CaUcvgkdR5Ot7KZg=
golang.org/x/mod v0.2.0/go.mod h1:s0Qsj1ACt9ePp/hMypM3fl4fZqREWJwdYDEqhRiZZUA=
golang.org/x/mod v0.3.0/go.mod h1:s0Qsj1ACt9ePp/hMypM3fl4fZqREWJwdYDEqhRiZZUA=
golang.org/x/mod v0.6.0-dev.0.20220419223038-86c51ed26bb4/go.mod h1:jJ57K6gSWd91VN4djpZkiMVwK6gcyfeH4XE8wZrZaV4=
golang.org/x/net v0.0.0-20190404232315-eb5bcb51f2a3/go.mod h1:t9HGtf8HONx5eT2rtn7q6eTqICYqUVnKs3thJo3Qplg=
golang.org/x/net v0.0.0-20190620200207-3b0461eec859/go.mod h1:z5CRVTTTmAJ677TzLLGU+0bjPO0LkuOLi4/5GtJWs/s=
golang.org/x/net v0.0.0-20200226121028-0de0cce0169b/go.mod h1:z5CRVTTTmAJ677TzLLGU+0bjPO0LkuOLi4/5GtJWs/s=
golang.org/x/net v0.0.0-20201021035429-f5854403a974/go.mod h1:sp8m0HH+o8qH0wwXwYZr8TS3Oi6o0r6Gce1SSxlDquU=
golang.org/x/net v0.0.0-20210226172049-e18ecbb05110/go.mod h1:m0MpNAwzfU5UDzcl9v0D8zg8gWTRqZa9RBIspLL5mdg=
golang.org/x/net v0.0.0-20211112202133-69e39bad7dc2/go.mod h1:9nx3DQGgdP8bBQD5qxJ1jj9UTztislL4KSBs9R2vV5Y=
golang.org/x/net v0.0.0-20220722155237-a158d28d115b/go.mod h1:XRhObCWvk6IyKnWLug+ECip1KBveYUHfp+8e9klMJ9c=
golang.org/x/net v0.2.0/go.mod h1:KqCZLdyyvdV855qA2rE3GC2aiw5xGR5TEjj8smXukLY=
golang.org/x/net v0.27.0 h1:5K3Njcw06/l2y9vpGCSdcxWOYHOUk3dVNGDXN+FvAys=
golang.org/x/net v0.27.0/go.mod h1:dDi0PyhWNoiUOrAS8uXv/vnScO4wnHQO4mj9fn/RytE=
golang.org/x/net v0.29.0 h1:5ORfpBpCs4HzDYoodCDBbwHzdR5UrLBZ3sOnUJmFoHo=
golang.org/x/net v0.29.0/go.mod h1:gLkgy8jTGERgjzMic6DS9+SP0ajcu6Xu3Orq/SpETg0=
golang.org/x/oauth2 v0.21.0 h1:tsimM75w1tF/uws5rbeHzIWxEqElMehnc+iW793zsZs=
golang.org/x/oauth2 v0.21.0/go.mod h1:XYTD2NtWslqkgxebSiOHnXEap4TF09sJSc7H1sXbhtI=
golang.org/x/oauth2 v0.23.0 h1:PbgcYx2W7i4LvjJWEbf0ngHV6qJYr86PkAV3bXdLEbs=
golang.org/x/oauth2 v0.23.0/go.mod h1:XYTD2NtWslqkgxebSiOHnXEap4TF09sJSc7H1sXbhtI=
golang.org/x/sync v0.0.0-20190423024810-112230192c58/go.mod h1:RxMgew5VJxzue5/jJTE5uejpjVlOe/izrB70Jof72aM=
golang.org/x/sync v0.0.0-20190911185100-cd5d95a43a6e/go.mod h1:RxMgew5VJxzue5/jJTE5uejpjVlOe/izrB70Jof72aM=
golang.org/x/sync v0.0.0-20201020160332-67f06af15bc9/go.mod h1:RxMgew5VJxzue5/jJTE5uejpjVlOe/izrB70Jof72aM=
golang.org/x/sync v0.0.0-20210220032951-036812b2e83c/go.mod h1:RxMgew5VJxzue5/jJTE5uejpjVlOe/izrB70Jof72aM=
golang.org/x/sync v0.0.0-20220722155255-886fb9371eb4/go.mod h1:RxMgew5VJxzue5/jJTE5uejpjVlOe/izrB70Jof72aM=
golang.org/x/sync v0.7.0 h1:YsImfSBoP9QPYL0xyKJPq0gcaJdG3rInoqxTWbfQu9M=
golang.org/x/sync v0.7.0/go.mod h1:Czt+wKu1gCyEFDUtn0jG5QVvpJ6rzVqr5aXyt9drQfk=
golang.org/x/sync v0.8.0 h1:3NFvSEYkUoMifnESzZl15y791HH1qU2xm6eCJU5ZPXQ=
golang.org/x/sync v0.8.0/go.mod h1:Czt+wKu1gCyEFDUtn0jG5QVvpJ6rzVqr5aXyt9drQfk=
golang.org/x/sys v0.0.0-20190215142949-d0b11bdaac8a/go.mod h1:STP8DvDyc/dI5b8T5hshtkjS+E42TnysNCUPdjciGhY=
golang.org/x/sys v0.0.0-20190412213103-97732733099d/go.mod h1:h1NjWce9XRLGQEsW7wpKNCjG9DtNlClVuFLEZdDNbEs=
golang.org/x/sys v0.0.0-20200217220822-9197077df867/go.mod h1:h1NjWce9XRLGQEsW7wpKNCjG9DtNlClVuFLEZdDNbEs=
golang.org/x/sys v0.0.0-20200930185726-fdedc70b468f/go.mod h1:h1NjWce9XRLGQEsW7wpKNCjG9DtNlClVuFLEZdDNbEs=
golang.org/x/sys v0.0.0-20201119102817-f84b799fce68/go.mod h1:h1NjWce9XRLGQEsW7wpKNCjG9DtNlClVuFLEZdDNbEs=
golang.org/x/sys v0.0.0-20210423082822-04245dca01da/go.mod h1:h1NjWce9XRLGQEsW7wpKNCjG9DtNlClVuFLEZdDNbEs=
golang.org/x/sys v0.0.0-20210615035016-665e8c7367d1/go.mod h1:oPkhp1MJrh7nUepCBck5+mAzfO9JrbApNNgaTdGDITg=
golang.org/x/sys v0.0.0-20220520151302-bc2c85ada10a/go.mod h1:oPkhp1MJrh7nUepCBck5+mAzfO9JrbApNNgaTdGDITg=
golang.org/x/sys v0.0.0-20220715151400-c0bba94af5f8/go.mod h1:oPkhp1MJrh7nUepCBck5+mAzfO9JrbApNNgaTdGDITg=
golang.org/x/sys v0.0.0-20220722155257-8c9f86f7a55f/go.mod h1:oPkhp1MJrh7nUepCBck5+mAzfO9JrbApNNgaTdGDITg=
golang.org/x/sys v0.2.0/go.mod h1:oPkhp1MJrh7nUepCBck5+mAzfO9JrbApNNgaTdGDITg=
golang.org/x/sys v0.10.0/go.mod h1:oPkhp1MJrh7nUepCBck5+mAzfO9JrbApNNgaTdGDITg=
golang.org/x/sys v0.22.0 h1:RI27ohtqKCnwULzJLqkv897zojh5/DwS/ENaMzUOaWI=
golang.org/x/sys v0.22.0/go.mod h1:/VUhepiaJMQUp4+oa/7Zr1D23ma6VTLIYjOOTFZPUcA=
golang.org/x/sys v0.25.0 h1:r+8e+loiHxRqhXVl6ML1nO3l1+oFoWbnlu2Ehimmi34=
golang.org/x/sys v0.25.0/go.mod h1:/VUhepiaJMQUp4+oa/7Zr1D23ma6VTLIYjOOTFZPUcA=
golang.org/x/term v0.0.0-20201126162022-7de9c90e9dd1/go.mod h1:bj7SfCRtBDWHUb9snDiAeCFNEtKQo2Wmx5Cou7ajbmo=
golang.org/x/term v0.0.0-20210927222741-03fcf44c2211/go.mod h1:jbD1KX2456YbFQfuXm/mYQcufACuNUgVhRMnK/tPxf8=
golang.org/x/term v0.2.0/go.mod h1:TVmDHMZPmdnySmBfhjOoOdhjzdE1h4u1VwSiw2l1Nuc=
golang.org/x/term v0.22.0 h1:BbsgPEJULsl2fV/AT3v15Mjva5yXKQDyKf+TbDz7QJk=
golang.org/x/term v0.22.0/go.mod h1:F3qCibpT5AMpCRfhfT53vVJwhLtIVHhB9XDjfFvnMI4=
golang.org/x/term v0.24.0 h1:Mh5cbb+Zk2hqqXNO7S1iTjEphVL+jb8ZWaqh/g+JWkM=
golang.org/x/term v0.24.0/go.mod h1:lOBK/LVxemqiMij05LGJ0tzNr8xlmwBRJ81PX6wVLH8=
golang.org/x/text v0.3.0/go.mod h1:NqM8EUOU14njkJ3fqMW+pc6Ldnwhi/IjpwHt7yyuwOQ=
golang.org/x/text v0.3.3/go.mod h1:5Zoc/QRtKVWzQhOtBMvqHzDpF6irO9z98xDceosuGiQ=
golang.org/x/text v0.3.6/go.mod h1:5Zoc/QRtKVWzQhOtBMvqHzDpF6irO9z98xDceosuGiQ=
golang.org/x/text v0.3.7/go.mod h1:u+2+/6zg+i71rQMx5EYifcz6MCKuco9NR6JIITiCfzQ=
golang.org/x/text v0.4.0/go.mod h1:mrYo+phRRbMaCq/xk9113O4dZlRixOauAjOtrjsXDZ8=
golang.org/x/text v0.16.0 h1:a94ExnEXNtEwYLGJSIUxnWoxoRz/ZcCsV63ROupILh4=
golang.org/x/text v0.16.0/go.mod h1:GhwF1Be+LQoKShO3cGOHzqOgRrGaYc9AvblQOmPVHnI=
golang.org/x/text v0.18.0 h1:XvMDiNzPAl0jr17s6W9lcaIhGUfUORdGCNsuLmPG224=
golang.org/x/text v0.18.0/go.mod h1:BuEKDfySbSR4drPmRPG/7iBdf8hvFMuRexcpahXilzY=
golang.org/x/time v0.5.0 h1:o7cqy6amK/52YcAKIPlM3a+Fpj35zvRj2TP+e1xFSfk=
golang.org/x/time v0.5.0/go.mod h1:3BpzKBy/shNhVucY/MWOyx10tF3SFh9QdLuxbVysPQM=
golang.org/x/time v0.6.0 h1:eTDhh4ZXt5Qf0augr54TN6suAUudPcawVZeIAPU7D4U=
golang.org/x/time v0.6.0/go.mod h1:3BpzKBy/shNhVucY/MWOyx10tF3SFh9QdLuxbVysPQM=
golang.org/x/tools v0.0.0-20180917221912-90fa682c2a6e/go.mod h1:n7NCudcB/nEzxVGmLbDWY5pfWTLqBcC2KZ6jyYvM4mQ=
golang.org/x/tools v0.0.0-20191119224855-298f0cb1881e/go.mod h1:b+2E5dAYhXwXZwtnZ6UAqBI28+e2cm9otk0dWdXHAEo=
golang.org/x/tools v0.0.0-20200130002326-2f3ba24bd6e7/go.mod h1:TB2adYChydJhpapKDTa4BR/hXlZSLoq2Wpct/0txZ28=
golang.org/x/tools v0.0.0-20200619180055-7c47624df98f/go.mod h1:EkVYQZoAsY45+roYkvgYkIh4xh/qjgUK9TdY2XT94GE=
golang.org/x/tools v0.0.0-20210106214847-113979e3529a/go.mod h1:emZCQorbCU4vsT4fOWvOPXz4eW1wZW4PmDk9uLelYpA=
golang.org/x/tools v0.1.12/go.mod h1:hNGJHUnrk76NpqgfD5Aqm5Crs+Hm0VOH/i9J2+nxYbc=
golang.org/x/tools v0.22.0 h1:gqSGLZqv+AI9lIQzniJ0nZDRG5GBPsSi+DRNHWNz6yA=
golang.org/x/tools v0.22.0/go.mod h1:aCwcsjqvq7Yqt6TNyX7QMU2enbQ/Gt0bo6krSeEri+c=
golang.org/x/xerrors v0.0.0-20190717185122-a985d3407aa7/go.mod h1:I/5z698sn9Ka8TeJc9MKroUUfqBBauWjQqLJ2OPfmY0=
golang.org/x/xerrors v0.0.0-20191011141410-1b5146add898/go.mod h1:I/5z698sn9Ka8TeJc9MKroUUfqBBauWjQqLJ2OPfmY0=
golang.org/x/xerrors v0.0.0-20191204190536-9bdfabe68543/go.mod h1:I/5z698sn9Ka8TeJc9MKroUUfqBBauWjQqLJ2OPfmY0=
golang.org/x/xerrors v0.0.0-20200804184101-5ec99f83aff1/go.mod h1:I/5z698sn9Ka8TeJc9MKroUUfqBBauWjQqLJ2OPfmY0=
google.golang.org/genproto v0.0.0-20240213162025-012b6fc9bca9 h1:9+tzLLstTlPTRyJTh+ah5wIMsBW5c4tQwGTN3thOW9Y=
google.golang.org/genproto v0.0.0-20240401170217-c3f982113cda h1:wu/KJm9KJwpfHWhkkZGohVC6KRrc1oJNr4jwtQMOQXw=
google.golang.org/genproto/googleapis/api v0.0.0-20240515191416-fc5f0ca64291 h1:4HZJ3Xv1cmrJ+0aFo304Zn79ur1HMxptAE7aCPNLSqc=
google.golang.org/genproto/googleapis/api v0.0.0-20240515191416-fc5f0ca64291/go.mod h1:RGnPtTG7r4i8sPlNyDeikXF99hMM+hN6QMm4ooG9g2g=
google.golang.org/genproto/googleapis/rpc v0.0.0-20240624140628-dc46fd24d27d h1:k3zyW3BYYR30e8v3x0bTDdE9vpYFjZHK+HcyqkrppWk=
google.golang.org/genproto/googleapis/rpc v0.0.0-20240624140628-dc46fd24d27d/go.mod h1:Ue6ibwXGpU+dqIcODieyLOcgj7z8+IcskoNIgZxtrFY=
google.golang.org/protobuf v1.34.2 h1:6xV6lTsCfpGD21XK49h7MhtcApnLqkfYgPcdHftf6hg=
google.golang.org/protobuf v1.34.2/go.mod h1:qYOHts0dSfpeUzUFpOMr/WGzszTmLH+DiWniOlNbLDw=
gopkg.in/check.v1 v0.0.0-20161208181325-20d25e280405/go.mod h1:Co6ibVJAznAaIkqp8huTwlJQCZ016jof/cbN4VW5Yz0=
gopkg.in/check.v1 v1.0.0-20180628173108-788fd7840127/go.mod h1:Co6ibVJAznAaIkqp8huTwlJQCZ016jof/cbN4VW5Yz0=
gopkg.in/check.v1 v1.0.0-20201130134442-10cb98267c6c h1:Hei/4ADfdWqJk1ZMxUNpqntNwaWcugrBjAiHlqqRiVk=
gopkg.in/check.v1 v1.0.0-20201130134442-10cb98267c6c/go.mod h1:JHkPIbrfpd72SG/EVd6muEfDQjcINNoR0C8j2r3qZ4Q=
gopkg.in/evanphx/json-patch.v4 v4.12.0 h1:n6jtcsulIzXPJaxegRbvFNNrZDjbij7ny3gmSPG+6V4=
gopkg.in/evanphx/json-patch.v4 v4.12.0/go.mod h1:p8EYWUEYMpynmqDbY58zCKCFZw8pRWMG4EsWvDvM72M=
gopkg.in/inf.v0 v0.9.1 h1:73M5CoZyi3ZLMOyDlQh031Cx6N9NDJ2Vvfl76EDAgDc=
gopkg.in/inf.v0 v0.9.1/go.mod h1:cWUDdTG/fYaXco+Dcufb5Vnc6Gp2YChqWtbxRZE0mXw=
gopkg.in/ini.v1 v1.67.0 h1:Dgnx+6+nfE+IfzjUEISNeydPJh9AXNNsWbGP9KzCsOA=
gopkg.in/ini.v1 v1.67.0/go.mod h1:pNLf8WUiyNEtQjuu5G5vTm06TEv9tsIgeAvK8hOrP4k=
gopkg.in/yaml.v2 v2.2.2/go.mod h1:hI93XBmqTisBFMUTm0b8Fm+jr3Dg1NNxqwp+5A1VGuI=
gopkg.in/yaml.v2 v2.2.8/go.mod h1:hI93XBmqTisBFMUTm0b8Fm+jr3Dg1NNxqwp+5A1VGuI=
gopkg.in/yaml.v2 v2.3.0/go.mod h1:hI93XBmqTisBFMUTm0b8Fm+jr3Dg1NNxqwp+5A1VGuI=
gopkg.in/yaml.v2 v2.4.0 h1:D8xgwECY7CYvx+Y2n4sBz93Jn9JRvxdiyyo8CTfuKaY=
gopkg.in/yaml.v2 v2.4.0/go.mod h1:RDklbk79AGWmwhnvt/jBztapEOGDOx6ZbXqjP6csGnQ=
gopkg.in/yaml.v3 v3.0.0-20200313102051-9f266ea9e77c/go.mod h1:K4uyk7z7BCEPqu6E+C64Yfv1cQ7kz7rIZviUmN+EgEM=
gopkg.in/yaml.v3 v3.0.1 h1:fxVm/GzAzEWqLHuvctI91KS9hhNmmWOoWu0XTYJS7CA=
gopkg.in/yaml.v3 v3.0.1/go.mod h1:K4uyk7z7BCEPqu6E+C64Yfv1cQ7kz7rIZviUmN+EgEM=
k8s.io/api v0.31.1 h1:Xe1hX/fPW3PXYYv8BlozYqw63ytA92snr96zMW9gWTU=
k8s.io/api v0.31.1/go.mod h1:sbN1g6eY6XVLeqNsZGLnI5FwVseTrZX7Fv3O26rhAaI=
k8s.io/api v0.31.2 h1:3wLBbL5Uom/8Zy98GRPXpJ254nEFpl+hwndmk9RwmL0=
k8s.io/api v0.31.2/go.mod h1:bWmGvrGPssSK1ljmLzd3pwCQ9MgoTsRCuK35u6SygUk=
k8s.io/apiextensions-apiserver v0.30.2 h1:l7Eue2t6QiLHErfn2vwK4KgF4NeDgjQkCXtEbOocKIE=
k8s.io/apiextensions-apiserver v0.30.2/go.mod h1:lsJFLYyK40iguuinsb3nt+Sj6CmodSI4ACDLep1rgjw=
k8s.io/apiextensions-apiserver v0.31.1 h1:L+hwULvXx+nvTYX/MKM3kKMZyei+UiSXQWciX/N6E40=
k8s.io/apiextensions-apiserver v0.31.1/go.mod h1:tWMPR3sgW+jsl2xm9v7lAyRF1rYEK71i9G5dRtkknoQ=
k8s.io/apimachinery v0.31.1 h1:mhcUBbj7KUjaVhyXILglcVjuS4nYXiwC+KKFBgIVy7U=
k8s.io/apimachinery v0.31.1/go.mod h1:rsPdaZJfTfLsNJSQzNHQvYoTmxhoOEofxtOsF3rtsMo=
k8s.io/apimachinery v0.31.2 h1:i4vUt2hPK56W6mlT7Ry+AO8eEsyxMD1U44NR22CLTYw=
k8s.io/apimachinery v0.31.2/go.mod h1:rsPdaZJfTfLsNJSQzNHQvYoTmxhoOEofxtOsF3rtsMo=
k8s.io/client-go v0.31.1 h1:f0ugtWSbWpxHR7sjVpQwuvw9a3ZKLXX0u0itkFXufb0=
k8s.io/client-go v0.31.1/go.mod h1:sKI8871MJN2OyeqRlmA4W4KM9KBdBUpDLu/43eGemCg=
k8s.io/klog/v2 v2.130.1 h1:n9Xl7H1Xvksem4KFG4PYbdQCQxqc/tTUyrgXaOhHSzk=
k8s.io/klog/v2 v2.130.1/go.mod h1:3Jpz1GvMt720eyJH1ckRHK1EDfpxISzJ7I9OYgaDtPE=
k8s.io/kube-aggregator v0.30.2 h1:0+yk/ED6foCprY8VmkDPUhngjaAPKsNTXB/UrtvbIz0=
k8s.io/kube-aggregator v0.30.2/go.mod h1:EhqCfDdxysNWXk1wRL9SEHAdo1DKl6EULQagztkBcXE=
k8s.io/kube-aggregator v0.31.1 h1:vrYBTTs3xMrpiEsmBjsLETZE9uuX67oQ8B3i1BFfMPw=
k8s.io/kube-aggregator v0.31.1/go.mod h1:+aW4NX50uneozN+BtoCxI4g7ND922p8Wy3tWKFDiWVk=
k8s.io/kube-aggregator v0.31.2 h1:Uw1zUP2D/4wiSjKWVVzSOcCGLuW/+IdRwjjC0FJooYU=
k8s.io/kube-aggregator v0.31.2/go.mod h1:41/VIXH+/Qcg9ERNAY6bRF/WQR6xL1wFgYagdHac1X4=
k8s.io/kube-openapi v0.0.0-20240709000822-3c01b740850f h1:2sXuKesAYbRHxL3aE2PN6zX/gcJr22cjrsej+W784Tc=
k8s.io/kube-openapi v0.0.0-20240709000822-3c01b740850f/go.mod h1:UxDHUPsUwTOOxSU+oXURfFBcAS6JwiRXTYqYwfuGowc=
k8s.io/kube-openapi v0.0.0-20240903163716-9e1beecbcb38 h1:1dWzkmJrrprYvjGwh9kEUxmcUV/CtNU8QM7h1FLWQOo=
k8s.io/kube-openapi v0.0.0-20240903163716-9e1beecbcb38/go.mod h1:coRQXBK9NxO98XUv3ZD6AK3xzHCxV6+b7lrquKwaKzA=
k8s.io/utils v0.0.0-20240711033017-18e509b52bc8 h1:pUdcCO1Lk/tbT5ztQWOBi5HBgbBP1J8+AsQnQCKsi8A=
k8s.io/utils v0.0.0-20240711033017-18e509b52bc8/go.mod h1:OLgZIPagt7ERELqWJFomSt595RzquPNLL48iOWgYOg0=
k8s.io/utils v0.0.0-20240902221715-702e33fdd3c3 h1:b2FmK8YH+QEwq/Sy2uAEhmqL5nPfGYbJOcaqjeYYZoA=
k8s.io/utils v0.0.0-20240902221715-702e33fdd3c3/go.mod h1:OLgZIPagt7ERELqWJFomSt595RzquPNLL48iOWgYOg0=
k8s.io/utils v0.0.0-20240921022957-49e7df575cb6 h1:MDF6h2H/h4tbzmtIKTuctcwZmY0tY9mD9fNT47QO6HI=
k8s.io/utils v0.0.0-20240921022957-49e7df575cb6/go.mod h1:OLgZIPagt7ERELqWJFomSt595RzquPNLL48iOWgYOg0=
sigs.k8s.io/controller-runtime v0.18.4 h1:87+guW1zhvuPLh1PHybKdYFLU0YJp4FhJRmiHvm5BZw=
sigs.k8s.io/controller-runtime v0.18.4/go.mod h1:TVoGrfdpbA9VRFaRnKgk9P5/atA0pMwq+f+msb9M8Sg=
sigs.k8s.io/controller-runtime v0.19.0 h1:nWVM7aq+Il2ABxwiCizrVDSlmDcshi9llbaFbC0ji/Q=
sigs.k8s.io/controller-runtime v0.19.0/go.mod h1:iRmWllt8IlaLjvTTDLhRBXIEtkCK6hwVBJJsYS9Ajf4=
sigs.k8s.io/gateway-api v1.1.0 h1:DsLDXCi6jR+Xz8/xd0Z1PYl2Pn0TyaFMOPPZIj4inDM=
sigs.k8s.io/gateway-api v1.1.0/go.mod h1:ZH4lHrL2sDi0FHZ9jjneb8kKnGzFWyrTya35sWUTrRs=
sigs.k8s.io/json v0.0.0-20221116044647-bc3834ca7abd h1:EDPBXCAspyGV4jQlpZSudPeMmr1bNJefnuqLsRAsHZo=
sigs.k8s.io/json v0.0.0-20221116044647-bc3834ca7abd/go.mod h1:B8JuhiUyNFVKdsE8h686QcCxMaH6HrOAZj4vswFpcB0=
sigs.k8s.io/structured-merge-diff/v4 v4.4.1 h1:150L+0vs/8DA78h1u02ooW1/fFq/Lwr+sGiqlzvrtq4=
sigs.k8s.io/structured-merge-diff/v4 v4.4.1/go.mod h1:N8hJocpFajUSSeSJ9bOZ77VzejKZaXsTtZo4/u7Io08=
sigs.k8s.io/yaml v1.4.0 h1:Mk1wCc2gy/F0THH0TAp1QYyJNzRm2KCLy3o5ASXVI5E=
sigs.k8s.io/yaml v1.4.0/go.mod h1:Ejl7/uTz7PSA4eKMyQCUTnhZYNmLIl+5c2lQPGR2BPY=
